{
  "pins" : [
    {
      "identity" : "swiftui-introspect",
      "kind" : "remoteSourceControl",
      "location" : "https://github.com/siteline/SwiftUI-Introspect.git",
      "state" : {
        "branch" : "main",
        "revision" : "79154988f802af39a02687037a9ca38a508719c1"
      }
    }
  ],
  "version" : 2
}
