// !$*UTF8*$!
{
	archiveVersion = 1;
	classes = {
	};
	objectVersion = 56;
	objects = {

/* Begin PBXBuildFile section */
		8421A5142ABF0C32000D7CEF /* PrepareFullSyncData.swift in Sources */ = {isa = PBXBuildFile; fileRef = 8421A5132ABF0C32000D7CEF /* PrepareFullSyncData.swift */; };
		8421A5162ABF0C42000D7CEF /* PrepareMinSyncData.swift in Sources */ = {isa = PBXBuildFile; fileRef = 8421A5152ABF0C42000D7CEF /* PrepareMinSyncData.swift */; };
		8444A6812A8AA26400F3C1D6 /* MenuBarButton.swift in Sources */ = {isa = PBXBuildFile; fileRef = 8444A6802A8AA26400F3C1D6 /* MenuBarButton.swift */; };
		8444A68B2A8CFA9800F3C1D6 /* AppInfo.swift in Sources */ = {isa = PBXBuildFile; fileRef = 8444A68A2A8CFA9800F3C1D6 /* AppInfo.swift */; };
		8444A6922A8D496400F3C1D6 /* HomeWindow.swift in Sources */ = {isa = PBXBuildFile; fileRef = 8444A6912A8D496400F3C1D6 /* HomeWindow.swift */; };
		8444A6942A8D498E00F3C1D6 /* LoginWindow.swift in Sources */ = {isa = PBXBuildFile; fileRef = 8444A6932A8D498E00F3C1D6 /* LoginWindow.swift */; };
		8444A6962A8D49F400F3C1D6 /* SupportDetailWindow.swift in Sources */ = {isa = PBXBuildFile; fileRef = 8444A6952A8D49F400F3C1D6 /* SupportDetailWindow.swift */; };
		8444A6982A8D4A1600F3C1D6 /* SettingsWindow.swift in Sources */ = {isa = PBXBuildFile; fileRef = 8444A6972A8D4A1600F3C1D6 /* SettingsWindow.swift */; };
		8444A69D2A8D4F8F00F3C1D6 /* DefaultWindowSizeModifier.swift in Sources */ = {isa = PBXBuildFile; fileRef = 8444A69C2A8D4F8F00F3C1D6 /* DefaultWindowSizeModifier.swift */; };
		8444A6A12A8D508B00F3C1D6 /* iWebITCommands.swift in Sources */ = {isa = PBXBuildFile; fileRef = 8444A6A02A8D508B00F3C1D6 /* iWebITCommands.swift */; };
		8444A6A32A8E702800F3C1D6 /* WindowAccessor.swift in Sources */ = {isa = PBXBuildFile; fileRef = 8444A6A22A8E702800F3C1D6 /* WindowAccessor.swift */; };
		8444A6A52A8E731C00F3C1D6 /* ViewSizeModifier.swift in Sources */ = {isa = PBXBuildFile; fileRef = 8444A6A42A8E731C00F3C1D6 /* ViewSizeModifier.swift */; };
		8444A6A72A8E762900F3C1D6 /* WindowPositioning.swift in Sources */ = {isa = PBXBuildFile; fileRef = 8444A6A62A8E762900F3C1D6 /* WindowPositioning.swift */; };
		8444A6A92A8E7BBC00F3C1D6 /* LoginViewModel.swift in Sources */ = {isa = PBXBuildFile; fileRef = 8444A6A82A8E7BBC00F3C1D6 /* LoginViewModel.swift */; };
		8444A6AB2A8E81E100F3C1D6 /* DefaultButtonViewModifier.swift in Sources */ = {isa = PBXBuildFile; fileRef = 8444A6AA2A8E81E100F3C1D6 /* DefaultButtonViewModifier.swift */; };
		8444A6AD2A8E822400F3C1D6 /* Color.swift in Sources */ = {isa = PBXBuildFile; fileRef = 8444A6AC2A8E822400F3C1D6 /* Color.swift */; };
		8444A6AF2A8E831500F3C1D6 /* CustomTextField.swift in Sources */ = {isa = PBXBuildFile; fileRef = 8444A6AE2A8E831500F3C1D6 /* CustomTextField.swift */; };
		8444A6C32A90007200F3C1D6 /* AppInfoManager.swift in Sources */ = {isa = PBXBuildFile; fileRef = 8444A6C22A90007200F3C1D6 /* AppInfoManager.swift */; };
		8444A6C42A90007200F3C1D6 /* AppInfoManager.swift in Sources */ = {isa = PBXBuildFile; fileRef = 8444A6C22A90007200F3C1D6 /* AppInfoManager.swift */; };
		8444A6C62A90025300F3C1D6 /* FilesManager.swift in Sources */ = {isa = PBXBuildFile; fileRef = 8444A6C52A90025300F3C1D6 /* FilesManager.swift */; };
		8444A6C72A90025300F3C1D6 /* FilesManager.swift in Sources */ = {isa = PBXBuildFile; fileRef = 8444A6C52A90025300F3C1D6 /* FilesManager.swift */; };
		8444A6C82A90026700F3C1D6 /* AppInfo.swift in Sources */ = {isa = PBXBuildFile; fileRef = 8444A68A2A8CFA9800F3C1D6 /* AppInfo.swift */; };
		8444A6C92A910A4B00F3C1D6 /* iWebITError.swift in Sources */ = {isa = PBXBuildFile; fileRef = 84BE9B3E2A893A9300822D2C /* iWebITError.swift */; };
		8444A6CC2A91130300F3C1D6 /* DictionaryExtension.swift in Sources */ = {isa = PBXBuildFile; fileRef = 8444A6CB2A91130300F3C1D6 /* DictionaryExtension.swift */; };
		8444A6CD2A91130300F3C1D6 /* DictionaryExtension.swift in Sources */ = {isa = PBXBuildFile; fileRef = 8444A6CB2A91130300F3C1D6 /* DictionaryExtension.swift */; };
		8444A6CF2A9113D500F3C1D6 /* StringExtension.swift in Sources */ = {isa = PBXBuildFile; fileRef = 8444A6CE2A9113D500F3C1D6 /* StringExtension.swift */; };
		8444A6D02A9113D500F3C1D6 /* StringExtension.swift in Sources */ = {isa = PBXBuildFile; fileRef = 8444A6CE2A9113D500F3C1D6 /* StringExtension.swift */; };
		8444A6D22A913AFD00F3C1D6 /* Constants.swift in Sources */ = {isa = PBXBuildFile; fileRef = 8444A6D12A913AFD00F3C1D6 /* Constants.swift */; };
		8444A6D32A913AFD00F3C1D6 /* Constants.swift in Sources */ = {isa = PBXBuildFile; fileRef = 8444A6D12A913AFD00F3C1D6 /* Constants.swift */; };
		8444A6D52A92A0DE00F3C1D6 /* RunShellScript.swift in Sources */ = {isa = PBXBuildFile; fileRef = 8444A6D42A92A0DE00F3C1D6 /* RunShellScript.swift */; };
		8444A6D82A937F2000F3C1D6 /* NavBar.swift in Sources */ = {isa = PBXBuildFile; fileRef = 8444A6D72A937F2000F3C1D6 /* NavBar.swift */; };
		8444A6DA2A93A46400F3C1D6 /* HoverEffectViewModifier.swift in Sources */ = {isa = PBXBuildFile; fileRef = 8444A6D92A93A46400F3C1D6 /* HoverEffectViewModifier.swift */; };
		8444A6DC2A93AB8D00F3C1D6 /* OcorrenciasScreen.swift in Sources */ = {isa = PBXBuildFile; fileRef = 8444A6DB2A93AB8D00F3C1D6 /* OcorrenciasScreen.swift */; };
		8444A6DE2A93AC0000F3C1D6 /* OpenWindow.swift in Sources */ = {isa = PBXBuildFile; fileRef = 8444A6DD2A93AC0000F3C1D6 /* OpenWindow.swift */; };
		8444A6E02A93E7DE00F3C1D6 /* HomeViewModel.swift in Sources */ = {isa = PBXBuildFile; fileRef = 8444A6DF2A93E7DE00F3C1D6 /* HomeViewModel.swift */; };
		8444A7052A94CC9900F3C1D6 /* MessageView.swift in Sources */ = {isa = PBXBuildFile; fileRef = 8444A7042A94CC9900F3C1D6 /* MessageView.swift */; };
		8444A7072A94CD7E00F3C1D6 /* FormatDate.swift in Sources */ = {isa = PBXBuildFile; fileRef = 8444A7062A94CD7E00F3C1D6 /* FormatDate.swift */; };
		8444A7092A94E86A00F3C1D6 /* SuporteScreen.swift in Sources */ = {isa = PBXBuildFile; fileRef = 8444A7082A94E86A00F3C1D6 /* SuporteScreen.swift */; };
		8444A70C2A94EE2700F3C1D6 /* GetSupportDataService.swift in Sources */ = {isa = PBXBuildFile; fileRef = 8444A70B2A94EE2700F3C1D6 /* GetSupportDataService.swift */; };
		8444A70F2A94EFE400F3C1D6 /* SupportDTO.swift in Sources */ = {isa = PBXBuildFile; fileRef = 8444A70E2A94EFE400F3C1D6 /* SupportDTO.swift */; };
		8444A7112A94F0AB00F3C1D6 /* iWebITRepository.swift in Sources */ = {isa = PBXBuildFile; fileRef = 8444A7102A94F0AB00F3C1D6 /* iWebITRepository.swift */; };
		8444A7132A94F1C500F3C1D6 /* Support.swift in Sources */ = {isa = PBXBuildFile; fileRef = 8444A7122A94F1C500F3C1D6 /* Support.swift */; };
		8444A7192A9618A800F3C1D6 /* SendSupportDataService.swift in Sources */ = {isa = PBXBuildFile; fileRef = 8444A7182A9618A800F3C1D6 /* SendSupportDataService.swift */; };
		8444A71B2A9619BE00F3C1D6 /* HomeState.swift in Sources */ = {isa = PBXBuildFile; fileRef = 8444A71A2A9619BE00F3C1D6 /* HomeState.swift */; };
		8444A7222A96347C00F3C1D6 /* MaxLengthBinding.swift in Sources */ = {isa = PBXBuildFile; fileRef = 8444A7212A96347C00F3C1D6 /* MaxLengthBinding.swift */; };
		8444A7242A9649D300F3C1D6 /* Toast.swift in Sources */ = {isa = PBXBuildFile; fileRef = 8444A7232A9649D300F3C1D6 /* Toast.swift */; };
		8444A7262A964A5E00F3C1D6 /* GlobalViewModel.swift in Sources */ = {isa = PBXBuildFile; fileRef = 8444A7252A964A5E00F3C1D6 /* GlobalViewModel.swift */; };
		8444A7292A97D94300F3C1D6 /* ConstantsExtended.swift in Sources */ = {isa = PBXBuildFile; fileRef = 8444A7282A97D94300F3C1D6 /* ConstantsExtended.swift */; };
		8444A7372A97DCC500F3C1D6 /* MenuBarButtonService.swift in Sources */ = {isa = PBXBuildFile; fileRef = 8444A7362A97DCC500F3C1D6 /* MenuBarButtonService.swift */; };
		8444A7482A98E1CB00F3C1D6 /* TakeScreenshot.swift in Sources */ = {isa = PBXBuildFile; fileRef = 8444A7472A98E1CB00F3C1D6 /* TakeScreenshot.swift */; };
		8444A7492A992B9300F3C1D6 /* Logger.swift in Sources */ = {isa = PBXBuildFile; fileRef = 84BE9B452A893A9E00822D2C /* Logger.swift */; };
		8444A74A2A992B9600F3C1D6 /* NetworkingManager.swift in Sources */ = {isa = PBXBuildFile; fileRef = 84BE9B462A893A9E00822D2C /* NetworkingManager.swift */; };
		8444A74B2A992B9900F3C1D6 /* RunShellScript.swift in Sources */ = {isa = PBXBuildFile; fileRef = 8444A6D42A92A0DE00F3C1D6 /* RunShellScript.swift */; };
		8444A74D2A992D0D00F3C1D6 /* MultipartRequest.swift in Sources */ = {isa = PBXBuildFile; fileRef = 8444A74C2A992D0D00F3C1D6 /* MultipartRequest.swift */; };
		8444A74F2A992E4400F3C1D6 /* DataExtension.swift in Sources */ = {isa = PBXBuildFile; fileRef = 8444A74E2A992E4400F3C1D6 /* DataExtension.swift */; };
		8444A7502A992E4400F3C1D6 /* DataExtension.swift in Sources */ = {isa = PBXBuildFile; fileRef = 8444A74E2A992E4400F3C1D6 /* DataExtension.swift */; };
		8444A7572A9A29BB00F3C1D6 /* SendScreenshotDataService.swift in Sources */ = {isa = PBXBuildFile; fileRef = 8444A7562A9A29BB00F3C1D6 /* SendScreenshotDataService.swift */; };
		8444A7592A9A54A500F3C1D6 /* ServiceStatus.swift in Sources */ = {isa = PBXBuildFile; fileRef = 8444A7582A9A54A500F3C1D6 /* ServiceStatus.swift */; };
		8444A7612A9A603200F3C1D6 /* service.swift in Sources */ = {isa = PBXBuildFile; fileRef = 8444A7602A9A603200F3C1D6 /* service.swift */; };
		8444A7652A9A668E00F3C1D6 /* AppInfoManager.swift in Sources */ = {isa = PBXBuildFile; fileRef = 8444A6C22A90007200F3C1D6 /* AppInfoManager.swift */; };
		8444A7662A9A668E00F3C1D6 /* FilesManager.swift in Sources */ = {isa = PBXBuildFile; fileRef = 8444A6C52A90025300F3C1D6 /* FilesManager.swift */; };
		8444A7672A9A668E00F3C1D6 /* iWebITError.swift in Sources */ = {isa = PBXBuildFile; fileRef = 84BE9B3E2A893A9300822D2C /* iWebITError.swift */; };
		8444A7682A9A668E00F3C1D6 /* RunShellScript.swift in Sources */ = {isa = PBXBuildFile; fileRef = 8444A6D42A92A0DE00F3C1D6 /* RunShellScript.swift */; };
		8444A7692A9A668E00F3C1D6 /* DictionaryExtension.swift in Sources */ = {isa = PBXBuildFile; fileRef = 8444A6CB2A91130300F3C1D6 /* DictionaryExtension.swift */; };
		8444A76A2A9A668E00F3C1D6 /* StringExtension.swift in Sources */ = {isa = PBXBuildFile; fileRef = 8444A6CE2A9113D500F3C1D6 /* StringExtension.swift */; };
		8444A76C2A9A668E00F3C1D6 /* DataExtension.swift in Sources */ = {isa = PBXBuildFile; fileRef = 8444A74E2A992E4400F3C1D6 /* DataExtension.swift */; };
		8444A76D2A9A668E00F3C1D6 /* MultipartRequest.swift in Sources */ = {isa = PBXBuildFile; fileRef = 8444A74C2A992D0D00F3C1D6 /* MultipartRequest.swift */; };
		8444A76E2A9A668E00F3C1D6 /* Logger.swift in Sources */ = {isa = PBXBuildFile; fileRef = 84BE9B452A893A9E00822D2C /* Logger.swift */; };
		8444A76F2A9A668E00F3C1D6 /* Constants.swift in Sources */ = {isa = PBXBuildFile; fileRef = 8444A6D12A913AFD00F3C1D6 /* Constants.swift */; };
		8444A7702A9A668E00F3C1D6 /* AppInfo.swift in Sources */ = {isa = PBXBuildFile; fileRef = 8444A68A2A8CFA9800F3C1D6 /* AppInfo.swift */; };
		8444A7712A9BA32500F3C1D6 /* MultipartRequest.swift in Sources */ = {isa = PBXBuildFile; fileRef = 8444A74C2A992D0D00F3C1D6 /* MultipartRequest.swift */; };
		8444A7752A9BAD2100F3C1D6 /* ImageManipulation.swift in Sources */ = {isa = PBXBuildFile; fileRef = 8444A7742A9BAD2100F3C1D6 /* ImageManipulation.swift */; };
		8444A7772A9BD82900F3C1D6 /* NotificationUtils.swift in Sources */ = {isa = PBXBuildFile; fileRef = 8444A7762A9BD82900F3C1D6 /* NotificationUtils.swift */; };
		8465CA722AA0D0E100E339CD /* ServiceUtils.swift in Sources */ = {isa = PBXBuildFile; fileRef = 8465CA712AA0D0E100E339CD /* ServiceUtils.swift */; };
		8465FD122ABDE396000EE616 /* MemoryUsage.swift in Sources */ = {isa = PBXBuildFile; fileRef = 8465FD112ABDE396000EE616 /* MemoryUsage.swift */; };
		84A6E50B2AA10D6D00DF580A /* BatteryUtil.swift in Sources */ = {isa = PBXBuildFile; fileRef = 84A6E50A2AA10D6D00DF580A /* BatteryUtil.swift */; };
		84AE462F2A84FA3600783806 /* iWebITAgentApp.swift in Sources */ = {isa = PBXBuildFile; fileRef = 84AE462E2A84FA3600783806 /* iWebITAgentApp.swift */; };
		84AE46332A84FA3700783806 /* Assets.xcassets in Resources */ = {isa = PBXBuildFile; fileRef = 84AE46322A84FA3700783806 /* Assets.xcassets */; };
		84BB23BD2AA1F59A007EDEF2 /* ConstantsExtended.swift in Sources */ = {isa = PBXBuildFile; fileRef = 84BB23BC2AA1F59A007EDEF2 /* ConstantsExtended.swift */; };
		84BB23BF2AA1FBF4007EDEF2 /* DateExtension.swift in Sources */ = {isa = PBXBuildFile; fileRef = 84BB23BE2AA1FBF4007EDEF2 /* DateExtension.swift */; };
		84BB23C02AA1FC06007EDEF2 /* DateExtension.swift in Sources */ = {isa = PBXBuildFile; fileRef = 84BB23BE2AA1FBF4007EDEF2 /* DateExtension.swift */; };
		84BB23C12AA1FC07007EDEF2 /* DateExtension.swift in Sources */ = {isa = PBXBuildFile; fileRef = 84BB23BE2AA1FBF4007EDEF2 /* DateExtension.swift */; };
		84BB23C32AA227AF007EDEF2 /* TaskExtension.swift in Sources */ = {isa = PBXBuildFile; fileRef = 84BB23C22AA227AF007EDEF2 /* TaskExtension.swift */; };
		84BB23C42AA22807007EDEF2 /* TaskExtension.swift in Sources */ = {isa = PBXBuildFile; fileRef = 84BB23C22AA227AF007EDEF2 /* TaskExtension.swift */; };
		84BB23CA2AA22943007EDEF2 /* DeviceDTO.swift in Sources */ = {isa = PBXBuildFile; fileRef = 84BB23C82AA2293A007EDEF2 /* DeviceDTO.swift */; };
		84BB23CC2AA22979007EDEF2 /* DeviceDTO.swift in Sources */ = {isa = PBXBuildFile; fileRef = 84BB23C82AA2293A007EDEF2 /* DeviceDTO.swift */; };
		84BB23CD2AA2297B007EDEF2 /* GetDeviceDataService.swift in Sources */ = {isa = PBXBuildFile; fileRef = 84BB23C92AA2293A007EDEF2 /* GetDeviceDataService.swift */; };
		84BB23D12AA231EB007EDEF2 /* CompanyDTO.swift in Sources */ = {isa = PBXBuildFile; fileRef = 84BB23D02AA231EB007EDEF2 /* CompanyDTO.swift */; };
		84BB23D32AA2326A007EDEF2 /* GetCompanyDataService.swift in Sources */ = {isa = PBXBuildFile; fileRef = 84BB23D22AA2326A007EDEF2 /* GetCompanyDataService.swift */; };
		84BB23D52AA4E77D007EDEF2 /* CheckCompanyDataService.swift in Sources */ = {isa = PBXBuildFile; fileRef = 84BB23D42AA4E77D007EDEF2 /* CheckCompanyDataService.swift */; };
		84BB23D92AA4E900007EDEF2 /* LoginState.swift in Sources */ = {isa = PBXBuildFile; fileRef = 84BB23D72AA4E89B007EDEF2 /* LoginState.swift */; };
		84BB23DA2AA4EBCC007EDEF2 /* TaskExtension.swift in Sources */ = {isa = PBXBuildFile; fileRef = 84BB23C22AA227AF007EDEF2 /* TaskExtension.swift */; };
		84BB23DD2AA8AE52007EDEF2 /* FileSync.swift in Sources */ = {isa = PBXBuildFile; fileRef = 84BB23DC2AA8AE52007EDEF2 /* FileSync.swift */; };
		84BB23DF2AA8BA10007EDEF2 /* NetworkingManagerExt.swift in Sources */ = {isa = PBXBuildFile; fileRef = 84BB23DE2AA8BA10007EDEF2 /* NetworkingManagerExt.swift */; };
		84BB23E02AA8BB93007EDEF2 /* NetworkingManager.swift in Sources */ = {isa = PBXBuildFile; fileRef = 84BE9B462A893A9E00822D2C /* NetworkingManager.swift */; };
		84BB23E22AA8CC38007EDEF2 /* GetDeviceDataService.swift in Sources */ = {isa = PBXBuildFile; fileRef = 84BB23E12AA8CC38007EDEF2 /* GetDeviceDataService.swift */; };
		84BE9B3F2A893A9300822D2C /* ConstantsExtended.swift in Sources */ = {isa = PBXBuildFile; fileRef = 84BE9B3C2A893A9300822D2C /* ConstantsExtended.swift */; };
		84BE9B412A893A9300822D2C /* iWebITError.swift in Sources */ = {isa = PBXBuildFile; fileRef = 84BE9B3E2A893A9300822D2C /* iWebITError.swift */; };
		84BE9B4B2A893A9E00822D2C /* NetworkingManager.swift in Sources */ = {isa = PBXBuildFile; fileRef = 84BE9B462A893A9E00822D2C /* NetworkingManager.swift */; };
		84BE9B4E2A893AC200822D2C /* AppDelegate.swift in Sources */ = {isa = PBXBuildFile; fileRef = 84BE9B4D2A893AC200822D2C /* AppDelegate.swift */; };
		84BE9B5B2A8A9F8A00822D2C /* iWebITSysTrayApp.swift in Sources */ = {isa = PBXBuildFile; fileRef = 84BE9B5A2A8A9F8A00822D2C /* iWebITSysTrayApp.swift */; };
		84BE9B5F2A8A9F8B00822D2C /* Assets.xcassets in Resources */ = {isa = PBXBuildFile; fileRef = 84BE9B5E2A8A9F8B00822D2C /* Assets.xcassets */; };
		84BE9B692A8A9FBF00822D2C /* AppDelegate.swift in Sources */ = {isa = PBXBuildFile; fileRef = 84BE9B672A8A9FBC00822D2C /* AppDelegate.swift */; };
		84CCA67B2A9D261E008A4CF2 /* ImageManipulation.swift in Sources */ = {isa = PBXBuildFile; fileRef = 8444A7742A9BAD2100F3C1D6 /* ImageManipulation.swift */; };
		84CCA67C2A9D261E008A4CF2 /* ImageManipulation.swift in Sources */ = {isa = PBXBuildFile; fileRef = 8444A7742A9BAD2100F3C1D6 /* ImageManipulation.swift */; };
		84CCA6842A9E6EBF008A4CF2 /* PrepareSync.swift in Sources */ = {isa = PBXBuildFile; fileRef = 84CCA6822A9E6EBF008A4CF2 /* PrepareSync.swift */; };
		84CCA6872A9F5444008A4CF2 /* Utils.swift in Sources */ = {isa = PBXBuildFile; fileRef = 84CCA6852A9F5444008A4CF2 /* Utils.swift */; };
		84CCA6882A9F5444008A4CF2 /* Utils.swift in Sources */ = {isa = PBXBuildFile; fileRef = 84CCA6852A9F5444008A4CF2 /* Utils.swift */; };
		84CCA68E2A9F5A32008A4CF2 /* Resource.swift in Sources */ = {isa = PBXBuildFile; fileRef = 84CCA68D2A9F5A32008A4CF2 /* Resource.swift */; };
		84CCA68F2A9F5A32008A4CF2 /* Resource.swift in Sources */ = {isa = PBXBuildFile; fileRef = 84CCA68D2A9F5A32008A4CF2 /* Resource.swift */; };
		84CCA6912A9F7FE3008A4CF2 /* SyncLocationDataService.swift in Sources */ = {isa = PBXBuildFile; fileRef = 84CCA6902A9F7FE3008A4CF2 /* SyncLocationDataService.swift */; };
		84CCA6982A9FCEED008A4CF2 /* ManageUserInfo.swift in Sources */ = {isa = PBXBuildFile; fileRef = 84CCA6972A9FCEED008A4CF2 /* ManageUserInfo.swift */; };
		84CCA69A2AA0A7E3008A4CF2 /* GetDeviceSyncInfo.swift in Sources */ = {isa = PBXBuildFile; fileRef = 84CCA6992AA0A7E3008A4CF2 /* GetDeviceSyncInfo.swift */; };
		84CCA69C2AA0A9A8008A4CF2 /* MainLoop.swift in Sources */ = {isa = PBXBuildFile; fileRef = 84CCA69B2AA0A9A8008A4CF2 /* MainLoop.swift */; };
		84CCA69E2AA0A9E6008A4CF2 /* SecondaryLoop.swift in Sources */ = {isa = PBXBuildFile; fileRef = 84CCA69D2AA0A9E6008A4CF2 /* SecondaryLoop.swift */; };
		84CCA6A02AA0A9FA008A4CF2 /* SynchronizeFiles.swift in Sources */ = {isa = PBXBuildFile; fileRef = 84CCA69F2AA0A9FA008A4CF2 /* SynchronizeFiles.swift */; };
		84CCA6A22AA0AA44008A4CF2 /* AutoUpdate.swift in Sources */ = {isa = PBXBuildFile; fileRef = 84CCA6A12AA0AA44008A4CF2 /* AutoUpdate.swift */; };
		84CCA6A42AA0AA4D008A4CF2 /* UninstallApps.swift in Sources */ = {isa = PBXBuildFile; fileRef = 84CCA6A32AA0AA4D008A4CF2 /* UninstallApps.swift */; };
		84E452912B5DB3CA0081E083 /* GetAppsToUninstallDataService.swift in Sources */ = {isa = PBXBuildFile; fileRef = 84E452902B5DB3CA0081E083 /* GetAppsToUninstallDataService.swift */; };
		84E452932B5E85010081E083 /* AppsToUninstallDTO.swift in Sources */ = {isa = PBXBuildFile; fileRef = 84E452922B5E85010081E083 /* AppsToUninstallDTO.swift */; };
		84E452942B66EA100081E083 /* Logger.swift in Sources */ = {isa = PBXBuildFile; fileRef = 84BE9B452A893A9E00822D2C /* Logger.swift */; };
		84E452952B66EA2B0081E083 /* Utils.swift in Sources */ = {isa = PBXBuildFile; fileRef = 84CCA6852A9F5444008A4CF2 /* Utils.swift */; };
		84E87F032AEC00AF00BC6898 /* NSImageExt.swift in Sources */ = {isa = PBXBuildFile; fileRef = 84E87F022AEC00AF00BC6898 /* NSImageExt.swift */; };
/* End PBXBuildFile section */

/* Begin PBXCopyFilesBuildPhase section */
		8444A75C2A9A603200F3C1D6 /* CopyFiles */ = {
			isa = PBXCopyFilesBuildPhase;
			buildActionMask = 2147483647;
			dstPath = /usr/share/man/man1/;
			dstSubfolderSpec = 0;
			files = (
			);
			runOnlyForDeploymentPostprocessing = 1;
		};
/* End PBXCopyFilesBuildPhase section */

/* Begin PBXFileReference section */
		8421A5132ABF0C32000D7CEF /* PrepareFullSyncData.swift */ = {isa = PBXFileReference; lastKnownFileType = sourcecode.swift; path = PrepareFullSyncData.swift; sourceTree = "<group>"; };
		8421A5152ABF0C42000D7CEF /* PrepareMinSyncData.swift */ = {isa = PBXFileReference; lastKnownFileType = sourcecode.swift; path = PrepareMinSyncData.swift; sourceTree = "<group>"; };
		8444A6802A8AA26400F3C1D6 /* MenuBarButton.swift */ = {isa = PBXFileReference; lastKnownFileType = sourcecode.swift; path = MenuBarButton.swift; sourceTree = "<group>"; };
		8444A6842A8AA2F700F3C1D6 /* Info.plist */ = {isa = PBXFileReference; lastKnownFileType = text.plist; path = Info.plist; sourceTree = "<group>"; };
		8444A6852A8BC6A600F3C1D6 /* Info.plist */ = {isa = PBXFileReference; lastKnownFileType = text.plist; path = Info.plist; sourceTree = "<group>"; };
		8444A68A2A8CFA9800F3C1D6 /* AppInfo.swift */ = {isa = PBXFileReference; lastKnownFileType = sourcecode.swift; path = AppInfo.swift; sourceTree = "<group>"; };
		8444A6912A8D496400F3C1D6 /* HomeWindow.swift */ = {isa = PBXFileReference; lastKnownFileType = sourcecode.swift; path = HomeWindow.swift; sourceTree = "<group>"; };
		8444A6932A8D498E00F3C1D6 /* LoginWindow.swift */ = {isa = PBXFileReference; lastKnownFileType = sourcecode.swift; path = LoginWindow.swift; sourceTree = "<group>"; };
		8444A6952A8D49F400F3C1D6 /* SupportDetailWindow.swift */ = {isa = PBXFileReference; lastKnownFileType = sourcecode.swift; path = SupportDetailWindow.swift; sourceTree = "<group>"; };
		8444A6972A8D4A1600F3C1D6 /* SettingsWindow.swift */ = {isa = PBXFileReference; lastKnownFileType = sourcecode.swift; path = SettingsWindow.swift; sourceTree = "<group>"; };
		8444A69C2A8D4F8F00F3C1D6 /* DefaultWindowSizeModifier.swift */ = {isa = PBXFileReference; lastKnownFileType = sourcecode.swift; path = DefaultWindowSizeModifier.swift; sourceTree = "<group>"; };
		8444A6A02A8D508B00F3C1D6 /* iWebITCommands.swift */ = {isa = PBXFileReference; lastKnownFileType = sourcecode.swift; path = iWebITCommands.swift; sourceTree = "<group>"; };
		8444A6A22A8E702800F3C1D6 /* WindowAccessor.swift */ = {isa = PBXFileReference; lastKnownFileType = sourcecode.swift; path = WindowAccessor.swift; sourceTree = "<group>"; };
		8444A6A42A8E731C00F3C1D6 /* ViewSizeModifier.swift */ = {isa = PBXFileReference; fileEncoding = 4; lastKnownFileType = sourcecode.swift; path = ViewSizeModifier.swift; sourceTree = "<group>"; };
		8444A6A62A8E762900F3C1D6 /* WindowPositioning.swift */ = {isa = PBXFileReference; lastKnownFileType = sourcecode.swift; path = WindowPositioning.swift; sourceTree = "<group>"; };
		8444A6A82A8E7BBC00F3C1D6 /* LoginViewModel.swift */ = {isa = PBXFileReference; lastKnownFileType = sourcecode.swift; path = LoginViewModel.swift; sourceTree = "<group>"; };
		8444A6AA2A8E81E100F3C1D6 /* DefaultButtonViewModifier.swift */ = {isa = PBXFileReference; lastKnownFileType = sourcecode.swift; path = DefaultButtonViewModifier.swift; sourceTree = "<group>"; };
		8444A6AC2A8E822400F3C1D6 /* Color.swift */ = {isa = PBXFileReference; fileEncoding = 4; lastKnownFileType = sourcecode.swift; path = Color.swift; sourceTree = "<group>"; };
		8444A6AE2A8E831500F3C1D6 /* CustomTextField.swift */ = {isa = PBXFileReference; fileEncoding = 4; lastKnownFileType = sourcecode.swift; path = CustomTextField.swift; sourceTree = "<group>"; };
		8444A6C22A90007200F3C1D6 /* AppInfoManager.swift */ = {isa = PBXFileReference; lastKnownFileType = sourcecode.swift; path = AppInfoManager.swift; sourceTree = "<group>"; };
		8444A6C52A90025300F3C1D6 /* FilesManager.swift */ = {isa = PBXFileReference; lastKnownFileType = sourcecode.swift; path = FilesManager.swift; sourceTree = "<group>"; };
		8444A6CB2A91130300F3C1D6 /* DictionaryExtension.swift */ = {isa = PBXFileReference; lastKnownFileType = sourcecode.swift; path = DictionaryExtension.swift; sourceTree = "<group>"; };
		8444A6CE2A9113D500F3C1D6 /* StringExtension.swift */ = {isa = PBXFileReference; lastKnownFileType = sourcecode.swift; path = StringExtension.swift; sourceTree = "<group>"; };
		8444A6D12A913AFD00F3C1D6 /* Constants.swift */ = {isa = PBXFileReference; fileEncoding = 4; lastKnownFileType = sourcecode.swift; name = Constants.swift; path = Shared/Common/Constants.swift; sourceTree = SOURCE_ROOT; };
		8444A6D42A92A0DE00F3C1D6 /* RunShellScript.swift */ = {isa = PBXFileReference; lastKnownFileType = sourcecode.swift; path = RunShellScript.swift; sourceTree = "<group>"; };
		8444A6D72A937F2000F3C1D6 /* NavBar.swift */ = {isa = PBXFileReference; lastKnownFileType = sourcecode.swift; path = NavBar.swift; sourceTree = "<group>"; };
		8444A6D92A93A46400F3C1D6 /* HoverEffectViewModifier.swift */ = {isa = PBXFileReference; fileEncoding = 4; lastKnownFileType = sourcecode.swift; path = HoverEffectViewModifier.swift; sourceTree = "<group>"; };
		8444A6DB2A93AB8D00F3C1D6 /* OcorrenciasScreen.swift */ = {isa = PBXFileReference; lastKnownFileType = sourcecode.swift; path = OcorrenciasScreen.swift; sourceTree = "<group>"; };
		8444A6DD2A93AC0000F3C1D6 /* OpenWindow.swift */ = {isa = PBXFileReference; lastKnownFileType = sourcecode.swift; path = OpenWindow.swift; sourceTree = "<group>"; };
		8444A6DF2A93E7DE00F3C1D6 /* HomeViewModel.swift */ = {isa = PBXFileReference; lastKnownFileType = sourcecode.swift; path = HomeViewModel.swift; sourceTree = "<group>"; };
		8444A7042A94CC9900F3C1D6 /* MessageView.swift */ = {isa = PBXFileReference; lastKnownFileType = sourcecode.swift; path = MessageView.swift; sourceTree = "<group>"; };
		8444A7062A94CD7E00F3C1D6 /* FormatDate.swift */ = {isa = PBXFileReference; fileEncoding = 4; lastKnownFileType = sourcecode.swift; path = FormatDate.swift; sourceTree = "<group>"; };
		8444A7082A94E86A00F3C1D6 /* SuporteScreen.swift */ = {isa = PBXFileReference; fileEncoding = 4; lastKnownFileType = sourcecode.swift; path = SuporteScreen.swift; sourceTree = "<group>"; };
		8444A70B2A94EE2700F3C1D6 /* GetSupportDataService.swift */ = {isa = PBXFileReference; fileEncoding = 4; lastKnownFileType = sourcecode.swift; path = GetSupportDataService.swift; sourceTree = "<group>"; };
		8444A70E2A94EFE400F3C1D6 /* SupportDTO.swift */ = {isa = PBXFileReference; lastKnownFileType = sourcecode.swift; path = SupportDTO.swift; sourceTree = "<group>"; };
		8444A7102A94F0AB00F3C1D6 /* iWebITRepository.swift */ = {isa = PBXFileReference; lastKnownFileType = sourcecode.swift; path = iWebITRepository.swift; sourceTree = "<group>"; };
		8444A7122A94F1C500F3C1D6 /* Support.swift */ = {isa = PBXFileReference; lastKnownFileType = sourcecode.swift; path = Support.swift; sourceTree = "<group>"; };
		8444A7182A9618A800F3C1D6 /* SendSupportDataService.swift */ = {isa = PBXFileReference; fileEncoding = 4; lastKnownFileType = sourcecode.swift; path = SendSupportDataService.swift; sourceTree = "<group>"; };
		8444A71A2A9619BE00F3C1D6 /* HomeState.swift */ = {isa = PBXFileReference; lastKnownFileType = sourcecode.swift; path = HomeState.swift; sourceTree = "<group>"; };
		8444A7212A96347C00F3C1D6 /* MaxLengthBinding.swift */ = {isa = PBXFileReference; lastKnownFileType = sourcecode.swift; path = MaxLengthBinding.swift; sourceTree = "<group>"; };
		8444A7232A9649D300F3C1D6 /* Toast.swift */ = {isa = PBXFileReference; fileEncoding = 4; lastKnownFileType = sourcecode.swift; path = Toast.swift; sourceTree = "<group>"; };
		8444A7252A964A5E00F3C1D6 /* GlobalViewModel.swift */ = {isa = PBXFileReference; lastKnownFileType = sourcecode.swift; path = GlobalViewModel.swift; sourceTree = "<group>"; };
		8444A7282A97D94300F3C1D6 /* ConstantsExtended.swift */ = {isa = PBXFileReference; fileEncoding = 4; lastKnownFileType = sourcecode.swift; path = ConstantsExtended.swift; sourceTree = "<group>"; };
		8444A7362A97DCC500F3C1D6 /* MenuBarButtonService.swift */ = {isa = PBXFileReference; lastKnownFileType = sourcecode.swift; path = MenuBarButtonService.swift; sourceTree = "<group>"; };
		8444A7472A98E1CB00F3C1D6 /* TakeScreenshot.swift */ = {isa = PBXFileReference; lastKnownFileType = sourcecode.swift; path = TakeScreenshot.swift; sourceTree = "<group>"; };
		8444A74C2A992D0D00F3C1D6 /* MultipartRequest.swift */ = {isa = PBXFileReference; lastKnownFileType = sourcecode.swift; path = MultipartRequest.swift; sourceTree = "<group>"; };
		8444A74E2A992E4400F3C1D6 /* DataExtension.swift */ = {isa = PBXFileReference; lastKnownFileType = sourcecode.swift; path = DataExtension.swift; sourceTree = "<group>"; };
		8444A7562A9A29BB00F3C1D6 /* SendScreenshotDataService.swift */ = {isa = PBXFileReference; fileEncoding = 4; lastKnownFileType = sourcecode.swift; path = SendScreenshotDataService.swift; sourceTree = "<group>"; };
		8444A7582A9A54A500F3C1D6 /* ServiceStatus.swift */ = {isa = PBXFileReference; lastKnownFileType = sourcecode.swift; path = ServiceStatus.swift; sourceTree = "<group>"; };
		8444A75E2A9A603200F3C1D6 /* iWebITService */ = {isa = PBXFileReference; explicitFileType = "compiled.mach-o.executable"; includeInIndex = 0; path = iWebITService; sourceTree = BUILT_PRODUCTS_DIR; };
		8444A7602A9A603200F3C1D6 /* service.swift */ = {isa = PBXFileReference; lastKnownFileType = sourcecode.swift; path = service.swift; sourceTree = "<group>"; };
		8444A7742A9BAD2100F3C1D6 /* ImageManipulation.swift */ = {isa = PBXFileReference; lastKnownFileType = sourcecode.swift; path = ImageManipulation.swift; sourceTree = "<group>"; };
		8444A7762A9BD82900F3C1D6 /* NotificationUtils.swift */ = {isa = PBXFileReference; fileEncoding = 4; lastKnownFileType = sourcecode.swift; path = NotificationUtils.swift; sourceTree = "<group>"; };
		8465CA712AA0D0E100E339CD /* ServiceUtils.swift */ = {isa = PBXFileReference; lastKnownFileType = sourcecode.swift; path = ServiceUtils.swift; sourceTree = "<group>"; };
		8465FD112ABDE396000EE616 /* MemoryUsage.swift */ = {isa = PBXFileReference; lastKnownFileType = sourcecode.swift; path = MemoryUsage.swift; sourceTree = "<group>"; };
		84A6E50A2AA10D6D00DF580A /* BatteryUtil.swift */ = {isa = PBXFileReference; lastKnownFileType = sourcecode.swift; path = BatteryUtil.swift; sourceTree = "<group>"; };
		84AE462B2A84FA3600783806 /* iWebIT.app */ = {isa = PBXFileReference; explicitFileType = wrapper.application; includeInIndex = 0; path = iWebIT.app; sourceTree = BUILT_PRODUCTS_DIR; };
		84AE462E2A84FA3600783806 /* iWebITAgentApp.swift */ = {isa = PBXFileReference; lastKnownFileType = sourcecode.swift; path = iWebITAgentApp.swift; sourceTree = "<group>"; };
		84AE46322A84FA3700783806 /* Assets.xcassets */ = {isa = PBXFileReference; lastKnownFileType = folder.assetcatalog; path = Assets.xcassets; sourceTree = "<group>"; };
		84AE46372A84FA3700783806 /* iWebITAgent.entitlements */ = {isa = PBXFileReference; lastKnownFileType = text.plist.entitlements; path = iWebITAgent.entitlements; sourceTree = "<group>"; };
		84BB23BC2AA1F59A007EDEF2 /* ConstantsExtended.swift */ = {isa = PBXFileReference; fileEncoding = 4; lastKnownFileType = sourcecode.swift; path = ConstantsExtended.swift; sourceTree = "<group>"; };
		84BB23BE2AA1FBF4007EDEF2 /* DateExtension.swift */ = {isa = PBXFileReference; lastKnownFileType = sourcecode.swift; path = DateExtension.swift; sourceTree = "<group>"; };
		84BB23C22AA227AF007EDEF2 /* TaskExtension.swift */ = {isa = PBXFileReference; lastKnownFileType = sourcecode.swift; path = TaskExtension.swift; sourceTree = "<group>"; };
		84BB23C82AA2293A007EDEF2 /* DeviceDTO.swift */ = {isa = PBXFileReference; lastKnownFileType = sourcecode.swift; path = DeviceDTO.swift; sourceTree = "<group>"; };
		84BB23C92AA2293A007EDEF2 /* GetDeviceDataService.swift */ = {isa = PBXFileReference; lastKnownFileType = sourcecode.swift; path = GetDeviceDataService.swift; sourceTree = "<group>"; };
		84BB23D02AA231EB007EDEF2 /* CompanyDTO.swift */ = {isa = PBXFileReference; lastKnownFileType = sourcecode.swift; path = CompanyDTO.swift; sourceTree = "<group>"; };
		84BB23D22AA2326A007EDEF2 /* GetCompanyDataService.swift */ = {isa = PBXFileReference; fileEncoding = 4; lastKnownFileType = sourcecode.swift; name = GetCompanyDataService.swift; path = iWebITService/Services/GetCompanyDataService.swift; sourceTree = SOURCE_ROOT; };
		84BB23D42AA4E77D007EDEF2 /* CheckCompanyDataService.swift */ = {isa = PBXFileReference; fileEncoding = 4; lastKnownFileType = sourcecode.swift; name = CheckCompanyDataService.swift; path = iWebITAgent/Services/Remote/CheckCompanyDataService.swift; sourceTree = SOURCE_ROOT; };
		84BB23D72AA4E89B007EDEF2 /* LoginState.swift */ = {isa = PBXFileReference; fileEncoding = 4; lastKnownFileType = sourcecode.swift; path = LoginState.swift; sourceTree = "<group>"; };
		84BB23DC2AA8AE52007EDEF2 /* FileSync.swift */ = {isa = PBXFileReference; lastKnownFileType = sourcecode.swift; path = FileSync.swift; sourceTree = "<group>"; };
		84BB23DE2AA8BA10007EDEF2 /* NetworkingManagerExt.swift */ = {isa = PBXFileReference; lastKnownFileType = sourcecode.swift; path = NetworkingManagerExt.swift; sourceTree = "<group>"; };
		84BB23E12AA8CC38007EDEF2 /* GetDeviceDataService.swift */ = {isa = PBXFileReference; fileEncoding = 4; lastKnownFileType = sourcecode.swift; name = GetDeviceDataService.swift; path = iWebITService/Services/GetDeviceDataService.swift; sourceTree = SOURCE_ROOT; };
		84BE9B3C2A893A9300822D2C /* ConstantsExtended.swift */ = {isa = PBXFileReference; fileEncoding = 4; lastKnownFileType = sourcecode.swift; path = ConstantsExtended.swift; sourceTree = "<group>"; };
		84BE9B3E2A893A9300822D2C /* iWebITError.swift */ = {isa = PBXFileReference; fileEncoding = 4; lastKnownFileType = sourcecode.swift; path = iWebITError.swift; sourceTree = "<group>"; };
		84BE9B452A893A9E00822D2C /* Logger.swift */ = {isa = PBXFileReference; fileEncoding = 4; lastKnownFileType = sourcecode.swift; path = Logger.swift; sourceTree = "<group>"; };
		84BE9B462A893A9E00822D2C /* NetworkingManager.swift */ = {isa = PBXFileReference; fileEncoding = 4; lastKnownFileType = sourcecode.swift; path = NetworkingManager.swift; sourceTree = "<group>"; };
		84BE9B4D2A893AC200822D2C /* AppDelegate.swift */ = {isa = PBXFileReference; fileEncoding = 4; lastKnownFileType = sourcecode.swift; path = AppDelegate.swift; sourceTree = "<group>"; };
		84BE9B582A8A9F8A00822D2C /* iWebITAgent.app */ = {isa = PBXFileReference; explicitFileType = wrapper.application; includeInIndex = 0; path = iWebITAgent.app; sourceTree = BUILT_PRODUCTS_DIR; };
		84BE9B5A2A8A9F8A00822D2C /* iWebITSysTrayApp.swift */ = {isa = PBXFileReference; lastKnownFileType = sourcecode.swift; path = iWebITSysTrayApp.swift; sourceTree = "<group>"; };
		84BE9B5E2A8A9F8B00822D2C /* Assets.xcassets */ = {isa = PBXFileReference; lastKnownFileType = folder.assetcatalog; path = Assets.xcassets; sourceTree = "<group>"; };
		84BE9B632A8A9F8B00822D2C /* iWebITSysTray.entitlements */ = {isa = PBXFileReference; lastKnownFileType = text.plist.entitlements; path = iWebITSysTray.entitlements; sourceTree = "<group>"; };
		84BE9B672A8A9FBC00822D2C /* AppDelegate.swift */ = {isa = PBXFileReference; fileEncoding = 4; lastKnownFileType = sourcecode.swift; path = AppDelegate.swift; sourceTree = "<group>"; };
		84CCA67D2A9E19AA008A4CF2 /* iWebITService.entitlements */ = {isa = PBXFileReference; lastKnownFileType = text.plist.entitlements; path = iWebITService.entitlements; sourceTree = "<group>"; };
		84CCA6822A9E6EBF008A4CF2 /* PrepareSync.swift */ = {isa = PBXFileReference; lastKnownFileType = sourcecode.swift; path = PrepareSync.swift; sourceTree = "<group>"; };
		84CCA6852A9F5444008A4CF2 /* Utils.swift */ = {isa = PBXFileReference; lastKnownFileType = sourcecode.swift; path = Utils.swift; sourceTree = "<group>"; };
		84CCA68D2A9F5A32008A4CF2 /* Resource.swift */ = {isa = PBXFileReference; fileEncoding = 4; lastKnownFileType = sourcecode.swift; path = Resource.swift; sourceTree = "<group>"; };
		84CCA6902A9F7FE3008A4CF2 /* SyncLocationDataService.swift */ = {isa = PBXFileReference; fileEncoding = 4; lastKnownFileType = sourcecode.swift; name = SyncLocationDataService.swift; path = iWebITSysTray/Services/Remote/SyncLocationDataService.swift; sourceTree = SOURCE_ROOT; };
		84CCA6972A9FCEED008A4CF2 /* ManageUserInfo.swift */ = {isa = PBXFileReference; lastKnownFileType = sourcecode.swift; path = ManageUserInfo.swift; sourceTree = "<group>"; };
		84CCA6992AA0A7E3008A4CF2 /* GetDeviceSyncInfo.swift */ = {isa = PBXFileReference; lastKnownFileType = sourcecode.swift; path = GetDeviceSyncInfo.swift; sourceTree = "<group>"; };
		84CCA69B2AA0A9A8008A4CF2 /* MainLoop.swift */ = {isa = PBXFileReference; lastKnownFileType = sourcecode.swift; path = MainLoop.swift; sourceTree = "<group>"; };
		84CCA69D2AA0A9E6008A4CF2 /* SecondaryLoop.swift */ = {isa = PBXFileReference; lastKnownFileType = sourcecode.swift; path = SecondaryLoop.swift; sourceTree = "<group>"; };
		84CCA69F2AA0A9FA008A4CF2 /* SynchronizeFiles.swift */ = {isa = PBXFileReference; lastKnownFileType = sourcecode.swift; path = SynchronizeFiles.swift; sourceTree = "<group>"; };
		84CCA6A12AA0AA44008A4CF2 /* AutoUpdate.swift */ = {isa = PBXFileReference; lastKnownFileType = sourcecode.swift; path = AutoUpdate.swift; sourceTree = "<group>"; };
		84CCA6A32AA0AA4D008A4CF2 /* UninstallApps.swift */ = {isa = PBXFileReference; lastKnownFileType = sourcecode.swift; path = UninstallApps.swift; sourceTree = "<group>"; };
		84E452902B5DB3CA0081E083 /* GetAppsToUninstallDataService.swift */ = {isa = PBXFileReference; fileEncoding = 4; lastKnownFileType = sourcecode.swift; path = GetAppsToUninstallDataService.swift; sourceTree = "<group>"; };
		84E452922B5E85010081E083 /* AppsToUninstallDTO.swift */ = {isa = PBXFileReference; fileEncoding = 4; lastKnownFileType = sourcecode.swift; path = AppsToUninstallDTO.swift; sourceTree = "<group>"; };
		84E87F022AEC00AF00BC6898 /* NSImageExt.swift */ = {isa = PBXFileReference; lastKnownFileType = sourcecode.swift; path = NSImageExt.swift; sourceTree = "<group>"; };
/* End PBXFileReference section */

/* Begin PBXFrameworksBuildPhase section */
		8444A75B2A9A603200F3C1D6 /* Frameworks */ = {
			isa = PBXFrameworksBuildPhase;
			buildActionMask = 2147483647;
			files = (
			);
			runOnlyForDeploymentPostprocessing = 0;
		};
		84AE46282A84FA3600783806 /* Frameworks */ = {
			isa = PBXFrameworksBuildPhase;
			buildActionMask = 2147483647;
			files = (
			);
			runOnlyForDeploymentPostprocessing = 0;
		};
		84BE9B552A8A9F8A00822D2C /* Frameworks */ = {
			isa = PBXFrameworksBuildPhase;
			buildActionMask = 2147483647;
			files = (
			);
			runOnlyForDeploymentPostprocessing = 0;
		};
/* End PBXFrameworksBuildPhase section */

/* Begin PBXGroup section */
		8444A67F2A8AA24400F3C1D6 /* MenuBarButton */ = {
			isa = PBXGroup;
			children = (
				8444A6802A8AA26400F3C1D6 /* MenuBarButton.swift */,
				8444A7362A97DCC500F3C1D6 /* MenuBarButtonService.swift */,
			);
			path = MenuBarButton;
			sourceTree = "<group>";
		};
		8444A6862A8CF8E700F3C1D6 /* Services */ = {
			isa = PBXGroup;
			children = (
				8444A70A2A94EE1C00F3C1D6 /* Remote */,
				8444A6C12A90000500F3C1D6 /* Repos */,
			);
			path = Services;
			sourceTree = "<group>";
		};
		8444A6892A8CFA7B00F3C1D6 /* Models */ = {
			isa = PBXGroup;
			children = (
				8444A7122A94F1C500F3C1D6 /* Support.swift */,
			);
			path = Models;
			sourceTree = "<group>";
		};
		8444A68C2A8D04B700F3C1D6 /* Core */ = {
			isa = PBXGroup;
			children = (
				8444A6992A8D4F6100F3C1D6 /* Utils */,
				8444A69A2A8D4F6700F3C1D6 /* Components */,
				8444A69B2A8D4F6E00F3C1D6 /* Modifiers */,
				8444A68D2A8D48E200F3C1D6 /* Login */,
				8444A68E2A8D48ED00F3C1D6 /* Home */,
				8444A68F2A8D48FA00F3C1D6 /* SupportDetail */,
				8444A6902A8D490600F3C1D6 /* Settings */,
			);
			path = Core;
			sourceTree = "<group>";
		};
		8444A68D2A8D48E200F3C1D6 /* Login */ = {
			isa = PBXGroup;
			children = (
				84BB23D62AA4E89B007EDEF2 /* States */,
				8444A6932A8D498E00F3C1D6 /* LoginWindow.swift */,
				8444A6A82A8E7BBC00F3C1D6 /* LoginViewModel.swift */,
			);
			path = Login;
			sourceTree = "<group>";
		};
		8444A68E2A8D48ED00F3C1D6 /* Home */ = {
			isa = PBXGroup;
			children = (
				8444A71C2A9619F100F3C1D6 /* States */,
				8444A6D62A937E4600F3C1D6 /* Components */,
				8444A6912A8D496400F3C1D6 /* HomeWindow.swift */,
				8444A6DF2A93E7DE00F3C1D6 /* HomeViewModel.swift */,
			);
			path = Home;
			sourceTree = "<group>";
		};
		8444A68F2A8D48FA00F3C1D6 /* SupportDetail */ = {
			isa = PBXGroup;
			children = (
				8444A6952A8D49F400F3C1D6 /* SupportDetailWindow.swift */,
			);
			path = SupportDetail;
			sourceTree = "<group>";
		};
		8444A6902A8D490600F3C1D6 /* Settings */ = {
			isa = PBXGroup;
			children = (
				8444A6972A8D4A1600F3C1D6 /* SettingsWindow.swift */,
			);
			path = Settings;
			sourceTree = "<group>";
		};
		8444A6992A8D4F6100F3C1D6 /* Utils */ = {
			isa = PBXGroup;
			children = (
				8444A7062A94CD7E00F3C1D6 /* FormatDate.swift */,
				8444A6AC2A8E822400F3C1D6 /* Color.swift */,
				8444A6A22A8E702800F3C1D6 /* WindowAccessor.swift */,
				8444A6A62A8E762900F3C1D6 /* WindowPositioning.swift */,
				8444A6DD2A93AC0000F3C1D6 /* OpenWindow.swift */,
				8444A7212A96347C00F3C1D6 /* MaxLengthBinding.swift */,
				8444A7252A964A5E00F3C1D6 /* GlobalViewModel.swift */,
			);
			path = Utils;
			sourceTree = "<group>";
		};
		8444A69A2A8D4F6700F3C1D6 /* Components */ = {
			isa = PBXGroup;
			children = (
				8444A7232A9649D300F3C1D6 /* Toast.swift */,
				8444A6AE2A8E831500F3C1D6 /* CustomTextField.swift */,
			);
			path = Components;
			sourceTree = "<group>";
		};
		8444A69B2A8D4F6E00F3C1D6 /* Modifiers */ = {
			isa = PBXGroup;
			children = (
				8444A69C2A8D4F8F00F3C1D6 /* DefaultWindowSizeModifier.swift */,
				8444A6A42A8E731C00F3C1D6 /* ViewSizeModifier.swift */,
				8444A6A02A8D508B00F3C1D6 /* iWebITCommands.swift */,
				8444A6AA2A8E81E100F3C1D6 /* DefaultButtonViewModifier.swift */,
				8444A6D92A93A46400F3C1D6 /* HoverEffectViewModifier.swift */,
			);
			path = Modifiers;
			sourceTree = "<group>";
		};
		8444A6B72A8FA51E00F3C1D6 /* Frameworks */ = {
			isa = PBXGroup;
			children = (
			);
			name = Frameworks;
			sourceTree = "<group>";
		};
		8444A6BE2A8FFFB900F3C1D6 /* Shared */ = {
			isa = PBXGroup;
			children = (
				8444A6C02A8FFFCC00F3C1D6 /* Common */,
				84BE9B422A893A9E00822D2C /* Utilities */,
				84BB23C52AA2293A007EDEF2 /* Services */,
				8444A6BF2A8FFFC500F3C1D6 /* Models */,
				8444A6CA2A9112EC00F3C1D6 /* Extensions */,
			);
			path = Shared;
			sourceTree = "<group>";
		};
		8444A6BF2A8FFFC500F3C1D6 /* Models */ = {
			isa = PBXGroup;
			children = (
				8444A68A2A8CFA9800F3C1D6 /* AppInfo.swift */,
			);
			path = Models;
			sourceTree = "<group>";
		};
		8444A6C02A8FFFCC00F3C1D6 /* Common */ = {
			isa = PBXGroup;
			children = (
				8444A6C22A90007200F3C1D6 /* AppInfoManager.swift */,
				8444A6C52A90025300F3C1D6 /* FilesManager.swift */,
				84BE9B3E2A893A9300822D2C /* iWebITError.swift */,
				8444A6D12A913AFD00F3C1D6 /* Constants.swift */,
			);
			path = Common;
			sourceTree = "<group>";
		};
		8444A6C12A90000500F3C1D6 /* Repos */ = {
			isa = PBXGroup;
			children = (
				8444A7102A94F0AB00F3C1D6 /* iWebITRepository.swift */,
			);
			path = Repos;
			sourceTree = "<group>";
		};
		8444A6CA2A9112EC00F3C1D6 /* Extensions */ = {
			isa = PBXGroup;
			children = (
				8444A6CB2A91130300F3C1D6 /* DictionaryExtension.swift */,
				8444A6CE2A9113D500F3C1D6 /* StringExtension.swift */,
				8444A74E2A992E4400F3C1D6 /* DataExtension.swift */,
				84BB23BE2AA1FBF4007EDEF2 /* DateExtension.swift */,
				84BB23C22AA227AF007EDEF2 /* TaskExtension.swift */,
			);
			path = Extensions;
			sourceTree = "<group>";
		};
		8444A6D62A937E4600F3C1D6 /* Components */ = {
			isa = PBXGroup;
			children = (
				8444A6D72A937F2000F3C1D6 /* NavBar.swift */,
				8444A6DB2A93AB8D00F3C1D6 /* OcorrenciasScreen.swift */,
				8444A7082A94E86A00F3C1D6 /* SuporteScreen.swift */,
				8444A7042A94CC9900F3C1D6 /* MessageView.swift */,
			);
			path = Components;
			sourceTree = "<group>";
		};
		8444A70A2A94EE1C00F3C1D6 /* Remote */ = {
			isa = PBXGroup;
			children = (
				8444A70D2A94EFB900F3C1D6 /* DTOs */,
				8444A70B2A94EE2700F3C1D6 /* GetSupportDataService.swift */,
				8444A7182A9618A800F3C1D6 /* SendSupportDataService.swift */,
				84BB23D42AA4E77D007EDEF2 /* CheckCompanyDataService.swift */,
			);
			path = Remote;
			sourceTree = "<group>";
		};
		8444A70D2A94EFB900F3C1D6 /* DTOs */ = {
			isa = PBXGroup;
			children = (
				8444A70E2A94EFE400F3C1D6 /* SupportDTO.swift */,
			);
			path = DTOs;
			sourceTree = "<group>";
		};
		8444A71C2A9619F100F3C1D6 /* States */ = {
			isa = PBXGroup;
			children = (
				8444A71A2A9619BE00F3C1D6 /* HomeState.swift */,
			);
			path = States;
			sourceTree = "<group>";
		};
		8444A7272A97D94300F3C1D6 /* Common */ = {
			isa = PBXGroup;
			children = (
				8444A7282A97D94300F3C1D6 /* ConstantsExtended.swift */,
			);
			path = Common;
			sourceTree = "<group>";
		};
		8444A72A2A97DAD000F3C1D6 /* Services */ = {
			isa = PBXGroup;
			children = (
				8444A72D2A97DAD000F3C1D6 /* Remote */,
			);
			path = Services;
			sourceTree = "<group>";
		};
		8444A72D2A97DAD000F3C1D6 /* Remote */ = {
			isa = PBXGroup;
			children = (
				8444A7532A9A273A00F3C1D6 /* DTOs */,
				8444A7562A9A29BB00F3C1D6 /* SendScreenshotDataService.swift */,
				84CCA6902A9F7FE3008A4CF2 /* SyncLocationDataService.swift */,
				84BB23C92AA2293A007EDEF2 /* GetDeviceDataService.swift */,
			);
			path = Remote;
			sourceTree = "<group>";
		};
		8444A7462A98E15700F3C1D6 /* Utils */ = {
			isa = PBXGroup;
			children = (
				8444A7472A98E1CB00F3C1D6 /* TakeScreenshot.swift */,
				8444A7582A9A54A500F3C1D6 /* ServiceStatus.swift */,
				8444A7762A9BD82900F3C1D6 /* NotificationUtils.swift */,
			);
			path = Utils;
			sourceTree = "<group>";
		};
		8444A7532A9A273A00F3C1D6 /* DTOs */ = {
			isa = PBXGroup;
			children = (
			);
			path = DTOs;
			sourceTree = "<group>";
		};
		8444A75F2A9A603200F3C1D6 /* iWebITService */ = {
			isa = PBXGroup;
			children = (
				84BB23BB2AA1F59A007EDEF2 /* Common */,
				84CCA6922A9FBC40008A4CF2 /* Utils */,
				84BB23CE2AA231D6007EDEF2 /* Services */,
				84BB23DB2AA8AE36007EDEF2 /* Models */,
				8495981A2ABB33C8008536F1 /* Extensions */,
				84CCA6952A9FCEB4008A4CF2 /* Components */,
				84CCA67D2A9E19AA008A4CF2 /* iWebITService.entitlements */,
				8444A7602A9A603200F3C1D6 /* service.swift */,
			);
			path = iWebITService;
			sourceTree = "<group>";
		};
		8495981A2ABB33C8008536F1 /* Extensions */ = {
			isa = PBXGroup;
			children = (
				84E87F022AEC00AF00BC6898 /* NSImageExt.swift */,
			);
			path = Extensions;
			sourceTree = "<group>";
		};
		84AE46222A84FA3600783806 = {
			isa = PBXGroup;
			children = (
				8444A6BE2A8FFFB900F3C1D6 /* Shared */,
				84AE462D2A84FA3600783806 /* iWebITAgent */,
				84BE9B592A8A9F8A00822D2C /* iWebITSysTray */,
				8444A75F2A9A603200F3C1D6 /* iWebITService */,
				84AE462C2A84FA3600783806 /* Products */,
				8444A6B72A8FA51E00F3C1D6 /* Frameworks */,
			);
			sourceTree = "<group>";
		};
		84AE462C2A84FA3600783806 /* Products */ = {
			isa = PBXGroup;
			children = (
				84AE462B2A84FA3600783806 /* iWebIT.app */,
				84BE9B582A8A9F8A00822D2C /* iWebITAgent.app */,
				8444A75E2A9A603200F3C1D6 /* iWebITService */,
			);
			name = Products;
			sourceTree = "<group>";
		};
		84AE462D2A84FA3600783806 /* iWebITAgent */ = {
			isa = PBXGroup;
			children = (
				84BE9B3B2A893A9300822D2C /* Common */,
				8444A6862A8CF8E700F3C1D6 /* Services */,
				8444A6892A8CFA7B00F3C1D6 /* Models */,
				8444A68C2A8D04B700F3C1D6 /* Core */,
				84AE462E2A84FA3600783806 /* iWebITAgentApp.swift */,
				84BE9B4D2A893AC200822D2C /* AppDelegate.swift */,
				84AE46322A84FA3700783806 /* Assets.xcassets */,
				84AE46372A84FA3700783806 /* iWebITAgent.entitlements */,
				8444A6852A8BC6A600F3C1D6 /* Info.plist */,
			);
			path = iWebITAgent;
			sourceTree = "<group>";
		};
		84BB23BB2AA1F59A007EDEF2 /* Common */ = {
			isa = PBXGroup;
			children = (
				84BB23BC2AA1F59A007EDEF2 /* ConstantsExtended.swift */,
			);
			path = Common;
			sourceTree = "<group>";
		};
		84BB23C52AA2293A007EDEF2 /* Services */ = {
			isa = PBXGroup;
			children = (
				84BB23C62AA2293A007EDEF2 /* Remote */,
			);
			path = Services;
			sourceTree = "<group>";
		};
		84BB23C62AA2293A007EDEF2 /* Remote */ = {
			isa = PBXGroup;
			children = (
				84BB23C72AA2293A007EDEF2 /* DTOs */,
			);
			path = Remote;
			sourceTree = "<group>";
		};
		84BB23C72AA2293A007EDEF2 /* DTOs */ = {
			isa = PBXGroup;
			children = (
				84BB23C82AA2293A007EDEF2 /* DeviceDTO.swift */,
			);
			path = DTOs;
			sourceTree = "<group>";
		};
		84BB23CE2AA231D6007EDEF2 /* Services */ = {
			isa = PBXGroup;
			children = (
				84BB23CF2AA231DE007EDEF2 /* DTOs */,
				84BB23D22AA2326A007EDEF2 /* GetCompanyDataService.swift */,
				84BB23E12AA8CC38007EDEF2 /* GetDeviceDataService.swift */,
				84E452902B5DB3CA0081E083 /* GetAppsToUninstallDataService.swift */,
			);
			path = Services;
			sourceTree = "<group>";
		};
		84BB23CF2AA231DE007EDEF2 /* DTOs */ = {
			isa = PBXGroup;
			children = (
				84BB23D02AA231EB007EDEF2 /* CompanyDTO.swift */,
				84E452922B5E85010081E083 /* AppsToUninstallDTO.swift */,
			);
			path = DTOs;
			sourceTree = "<group>";
		};
		84BB23D62AA4E89B007EDEF2 /* States */ = {
			isa = PBXGroup;
			children = (
				84BB23D72AA4E89B007EDEF2 /* LoginState.swift */,
			);
			path = States;
			sourceTree = "<group>";
		};
		84BB23DB2AA8AE36007EDEF2 /* Models */ = {
			isa = PBXGroup;
			children = (
				84BB23DC2AA8AE52007EDEF2 /* FileSync.swift */,
			);
			path = Models;
			sourceTree = "<group>";
		};
		84BE9B3B2A893A9300822D2C /* Common */ = {
			isa = PBXGroup;
			children = (
				84BE9B3C2A893A9300822D2C /* ConstantsExtended.swift */,
			);
			path = Common;
			sourceTree = "<group>";
		};
		84BE9B422A893A9E00822D2C /* Utilities */ = {
			isa = PBXGroup;
			children = (
				84BE9B452A893A9E00822D2C /* Logger.swift */,
				84BE9B462A893A9E00822D2C /* NetworkingManager.swift */,
				8444A6D42A92A0DE00F3C1D6 /* RunShellScript.swift */,
				8444A74C2A992D0D00F3C1D6 /* MultipartRequest.swift */,
				8444A7742A9BAD2100F3C1D6 /* ImageManipulation.swift */,
				84CCA6852A9F5444008A4CF2 /* Utils.swift */,
				84CCA68D2A9F5A32008A4CF2 /* Resource.swift */,
			);
			path = Utilities;
			sourceTree = "<group>";
		};
		84BE9B592A8A9F8A00822D2C /* iWebITSysTray */ = {
			isa = PBXGroup;
			children = (
				8444A7272A97D94300F3C1D6 /* Common */,
				8444A7462A98E15700F3C1D6 /* Utils */,
				8444A72A2A97DAD000F3C1D6 /* Services */,
				8444A67F2A8AA24400F3C1D6 /* MenuBarButton */,
				84BE9B5A2A8A9F8A00822D2C /* iWebITSysTrayApp.swift */,
				84BE9B672A8A9FBC00822D2C /* AppDelegate.swift */,
				84BE9B5E2A8A9F8B00822D2C /* Assets.xcassets */,
				84BE9B632A8A9F8B00822D2C /* iWebITSysTray.entitlements */,
				8444A6842A8AA2F700F3C1D6 /* Info.plist */,
			);
			path = iWebITSysTray;
			sourceTree = "<group>";
		};
		84CCA6922A9FBC40008A4CF2 /* Utils */ = {
			isa = PBXGroup;
			children = (
				8465CA712AA0D0E100E339CD /* ServiceUtils.swift */,
				84A6E50A2AA10D6D00DF580A /* BatteryUtil.swift */,
				84BB23DE2AA8BA10007EDEF2 /* NetworkingManagerExt.swift */,
				8465FD112ABDE396000EE616 /* MemoryUsage.swift */,
				84CCA6992AA0A7E3008A4CF2 /* GetDeviceSyncInfo.swift */,
			);
			path = Utils;
			sourceTree = "<group>";
		};
		84CCA6952A9FCEB4008A4CF2 /* Components */ = {
			isa = PBXGroup;
			children = (
				84CCA6972A9FCEED008A4CF2 /* ManageUserInfo.swift */,
				84CCA69B2AA0A9A8008A4CF2 /* MainLoop.swift */,
				84CCA6822A9E6EBF008A4CF2 /* PrepareSync.swift */,
				84CCA69D2AA0A9E6008A4CF2 /* SecondaryLoop.swift */,
				84CCA69F2AA0A9FA008A4CF2 /* SynchronizeFiles.swift */,
				84CCA6A12AA0AA44008A4CF2 /* AutoUpdate.swift */,
				84CCA6A32AA0AA4D008A4CF2 /* UninstallApps.swift */,
				8421A5132ABF0C32000D7CEF /* PrepareFullSyncData.swift */,
				8421A5152ABF0C42000D7CEF /* PrepareMinSyncData.swift */,
			);
			path = Components;
			sourceTree = "<group>";
		};
/* End PBXGroup section */

/* Begin PBXNativeTarget section */
		8444A75D2A9A603200F3C1D6 /* iWebITService */ = {
			isa = PBXNativeTarget;
			buildConfigurationList = 8444A7622A9A603200F3C1D6 /* Build configuration list for PBXNativeTarget "iWebITService" */;
			buildPhases = (
				8444A75A2A9A603200F3C1D6 /* Sources */,
				8444A75B2A9A603200F3C1D6 /* Frameworks */,
				8444A75C2A9A603200F3C1D6 /* CopyFiles */,
			);
			buildRules = (
			);
			dependencies = (
			);
			name = iWebITService;
			productName = iWebITService;
			productReference = 8444A75E2A9A603200F3C1D6 /* iWebITService */;
			productType = "com.apple.product-type.tool";
		};
		84AE462A2A84FA3600783806 /* iWebIT */ = {
			isa = PBXNativeTarget;
			buildConfigurationList = 84AE463A2A84FA3700783806 /* Build configuration list for PBXNativeTarget "iWebIT" */;
			buildPhases = (
				84AE46272A84FA3600783806 /* Sources */,
				84AE46282A84FA3600783806 /* Frameworks */,
				84AE46292A84FA3600783806 /* Resources */,
			);
			buildRules = (
			);
			dependencies = (
			);
			name = iWebIT;
			packageProductDependencies = (
			);
			productName = "iWebITAgent-macOS";
			productReference = 84AE462B2A84FA3600783806 /* iWebIT.app */;
			productType = "com.apple.product-type.application";
		};
		84BE9B572A8A9F8A00822D2C /* iWebITAgent */ = {
			isa = PBXNativeTarget;
			buildConfigurationList = 84BE9B642A8A9F8B00822D2C /* Build configuration list for PBXNativeTarget "iWebITAgent" */;
			buildPhases = (
				84BE9B542A8A9F8A00822D2C /* Sources */,
				84BE9B552A8A9F8A00822D2C /* Frameworks */,
				84BE9B562A8A9F8A00822D2C /* Resources */,
			);
			buildRules = (
			);
			dependencies = (
			);
			name = iWebITAgent;
			productName = iWebITService;
			productReference = 84BE9B582A8A9F8A00822D2C /* iWebITAgent.app */;
			productType = "com.apple.product-type.application";
		};
/* End PBXNativeTarget section */

/* Begin PBXProject section */
		84AE46232A84FA3600783806 /* Project object */ = {
			isa = PBXProject;
			attributes = {
				BuildIndependentTargetsInParallel = 1;
				LastSwiftUpdateCheck = 1410;
				LastUpgradeCheck = 1410;
				TargetAttributes = {
					8444A75D2A9A603200F3C1D6 = {
						CreatedOnToolsVersion = 14.1;
						LastSwiftMigration = 1410;
					};
					84AE462A2A84FA3600783806 = {
						CreatedOnToolsVersion = 14.1;
					};
					84BE9B572A8A9F8A00822D2C = {
						CreatedOnToolsVersion = 14.1;
					};
				};
			};
			buildConfigurationList = 84AE46262A84FA3600783806 /* Build configuration list for PBXProject "iWebITAgent-macOS" */;
			compatibilityVersion = "Xcode 14.0";
			developmentRegion = en;
			hasScannedForEncodings = 0;
			knownRegions = (
				en,
				Base,
			);
			mainGroup = 84AE46222A84FA3600783806;
			packageReferences = (
			);
			productRefGroup = 84AE462C2A84FA3600783806 /* Products */;
			projectDirPath = "";
			projectRoot = "";
			targets = (
				84AE462A2A84FA3600783806 /* iWebIT */,
				84BE9B572A8A9F8A00822D2C /* iWebITAgent */,
				8444A75D2A9A603200F3C1D6 /* iWebITService */,
			);
		};
/* End PBXProject section */

/* Begin PBXResourcesBuildPhase section */
		84AE46292A84FA3600783806 /* Resources */ = {
			isa = PBXResourcesBuildPhase;
			buildActionMask = 2147483647;
			files = (
				84AE46332A84FA3700783806 /* Assets.xcassets in Resources */,
			);
			runOnlyForDeploymentPostprocessing = 0;
		};
		84BE9B562A8A9F8A00822D2C /* Resources */ = {
			isa = PBXResourcesBuildPhase;
			buildActionMask = 2147483647;
			files = (
				84BE9B5F2A8A9F8B00822D2C /* Assets.xcassets in Resources */,
			);
			runOnlyForDeploymentPostprocessing = 0;
		};
/* End PBXResourcesBuildPhase section */

/* Begin PBXSourcesBuildPhase section */
		8444A75A2A9A603200F3C1D6 /* Sources */ = {
			isa = PBXSourcesBuildPhase;
			buildActionMask = 2147483647;
			files = (
				8444A7682A9A668E00F3C1D6 /* RunShellScript.swift in Sources */,
				84CCA6A02AA0A9FA008A4CF2 /* SynchronizeFiles.swift in Sources */,
				8444A76E2A9A668E00F3C1D6 /* Logger.swift in Sources */,
				84CCA6A42AA0AA4D008A4CF2 /* UninstallApps.swift in Sources */,
				84BB23D32AA2326A007EDEF2 /* GetCompanyDataService.swift in Sources */,
				84BB23BD2AA1F59A007EDEF2 /* ConstantsExtended.swift in Sources */,
				84CCA69E2AA0A9E6008A4CF2 /* SecondaryLoop.swift in Sources */,
				8465CA722AA0D0E100E339CD /* ServiceUtils.swift in Sources */,
				8444A76A2A9A668E00F3C1D6 /* StringExtension.swift in Sources */,
				84E452932B5E85010081E083 /* AppsToUninstallDTO.swift in Sources */,
				84CCA69A2AA0A7E3008A4CF2 /* GetDeviceSyncInfo.swift in Sources */,
				84E87F032AEC00AF00BC6898 /* NSImageExt.swift in Sources */,
				8444A7612A9A603200F3C1D6 /* service.swift in Sources */,
				8444A7652A9A668E00F3C1D6 /* AppInfoManager.swift in Sources */,
				8444A7692A9A668E00F3C1D6 /* DictionaryExtension.swift in Sources */,
				84BB23E02AA8BB93007EDEF2 /* NetworkingManager.swift in Sources */,
				84CCA6882A9F5444008A4CF2 /* Utils.swift in Sources */,
				84BB23BF2AA1FBF4007EDEF2 /* DateExtension.swift in Sources */,
				8444A7672A9A668E00F3C1D6 /* iWebITError.swift in Sources */,
				84E452912B5DB3CA0081E083 /* GetAppsToUninstallDataService.swift in Sources */,
				8421A5142ABF0C32000D7CEF /* PrepareFullSyncData.swift in Sources */,
				84CCA67B2A9D261E008A4CF2 /* ImageManipulation.swift in Sources */,
				84BB23C32AA227AF007EDEF2 /* TaskExtension.swift in Sources */,
				8444A76C2A9A668E00F3C1D6 /* DataExtension.swift in Sources */,
				84A6E50B2AA10D6D00DF580A /* BatteryUtil.swift in Sources */,
				84CCA6A22AA0AA44008A4CF2 /* AutoUpdate.swift in Sources */,
				8444A76D2A9A668E00F3C1D6 /* MultipartRequest.swift in Sources */,
				84BB23DD2AA8AE52007EDEF2 /* FileSync.swift in Sources */,
				8444A7662A9A668E00F3C1D6 /* FilesManager.swift in Sources */,
				8444A7702A9A668E00F3C1D6 /* AppInfo.swift in Sources */,
				8465FD122ABDE396000EE616 /* MemoryUsage.swift in Sources */,
				8421A5162ABF0C42000D7CEF /* PrepareMinSyncData.swift in Sources */,
				84CCA6842A9E6EBF008A4CF2 /* PrepareSync.swift in Sources */,
				84BB23CA2AA22943007EDEF2 /* DeviceDTO.swift in Sources */,
				84BB23DF2AA8BA10007EDEF2 /* NetworkingManagerExt.swift in Sources */,
				84BB23E22AA8CC38007EDEF2 /* GetDeviceDataService.swift in Sources */,
				8444A76F2A9A668E00F3C1D6 /* Constants.swift in Sources */,
				84CCA6982A9FCEED008A4CF2 /* ManageUserInfo.swift in Sources */,
				84CCA68F2A9F5A32008A4CF2 /* Resource.swift in Sources */,
				84BB23D12AA231EB007EDEF2 /* CompanyDTO.swift in Sources */,
				84CCA69C2AA0A9A8008A4CF2 /* MainLoop.swift in Sources */,
			);
			runOnlyForDeploymentPostprocessing = 0;
		};
		84AE46272A84FA3600783806 /* Sources */ = {
			isa = PBXSourcesBuildPhase;
			buildActionMask = 2147483647;
			files = (
				84BB23DA2AA4EBCC007EDEF2 /* TaskExtension.swift in Sources */,
				8444A6DA2A93A46400F3C1D6 /* HoverEffectViewModifier.swift in Sources */,
				8444A6962A8D49F400F3C1D6 /* SupportDetailWindow.swift in Sources */,
				8444A6AF2A8E831500F3C1D6 /* CustomTextField.swift in Sources */,
				8444A70F2A94EFE400F3C1D6 /* SupportDTO.swift in Sources */,
				8444A6A52A8E731C00F3C1D6 /* ViewSizeModifier.swift in Sources */,
				8444A6AD2A8E822400F3C1D6 /* Color.swift in Sources */,
				84BE9B4E2A893AC200822D2C /* AppDelegate.swift in Sources */,
				8444A6982A8D4A1600F3C1D6 /* SettingsWindow.swift in Sources */,
				8444A6D22A913AFD00F3C1D6 /* Constants.swift in Sources */,
				8444A6CF2A9113D500F3C1D6 /* StringExtension.swift in Sources */,
				8444A69D2A8D4F8F00F3C1D6 /* DefaultWindowSizeModifier.swift in Sources */,
				84BB23D52AA4E77D007EDEF2 /* CheckCompanyDataService.swift in Sources */,
				8444A6AB2A8E81E100F3C1D6 /* DefaultButtonViewModifier.swift in Sources */,
				8444A6C32A90007200F3C1D6 /* AppInfoManager.swift in Sources */,
				8444A7242A9649D300F3C1D6 /* Toast.swift in Sources */,
				8444A7192A9618A800F3C1D6 /* SendSupportDataService.swift in Sources */,
				8444A7052A94CC9900F3C1D6 /* MessageView.swift in Sources */,
				8444A7072A94CD7E00F3C1D6 /* FormatDate.swift in Sources */,
				8444A6A12A8D508B00F3C1D6 /* iWebITCommands.swift in Sources */,
				8444A7262A964A5E00F3C1D6 /* GlobalViewModel.swift in Sources */,
				84BE9B412A893A9300822D2C /* iWebITError.swift in Sources */,
				8444A70C2A94EE2700F3C1D6 /* GetSupportDataService.swift in Sources */,
				84AE462F2A84FA3600783806 /* iWebITAgentApp.swift in Sources */,
				84BE9B3F2A893A9300822D2C /* ConstantsExtended.swift in Sources */,
				8444A7712A9BA32500F3C1D6 /* MultipartRequest.swift in Sources */,
				84E452952B66EA2B0081E083 /* Utils.swift in Sources */,
				8444A6A32A8E702800F3C1D6 /* WindowAccessor.swift in Sources */,
				8444A6DC2A93AB8D00F3C1D6 /* OcorrenciasScreen.swift in Sources */,
				8444A74F2A992E4400F3C1D6 /* DataExtension.swift in Sources */,
				8444A7222A96347C00F3C1D6 /* MaxLengthBinding.swift in Sources */,
				8444A7112A94F0AB00F3C1D6 /* iWebITRepository.swift in Sources */,
				8444A7132A94F1C500F3C1D6 /* Support.swift in Sources */,
				8444A6CC2A91130300F3C1D6 /* DictionaryExtension.swift in Sources */,
				8444A6922A8D496400F3C1D6 /* HomeWindow.swift in Sources */,
				8444A6942A8D498E00F3C1D6 /* LoginWindow.swift in Sources */,
				8444A6C62A90025300F3C1D6 /* FilesManager.swift in Sources */,
				84BE9B4B2A893A9E00822D2C /* NetworkingManager.swift in Sources */,
				8444A6DE2A93AC0000F3C1D6 /* OpenWindow.swift in Sources */,
				84BB23D92AA4E900007EDEF2 /* LoginState.swift in Sources */,
				8444A6A72A8E762900F3C1D6 /* WindowPositioning.swift in Sources */,
				84BB23C12AA1FC07007EDEF2 /* DateExtension.swift in Sources */,
				8444A6D52A92A0DE00F3C1D6 /* RunShellScript.swift in Sources */,
				8444A6D82A937F2000F3C1D6 /* NavBar.swift in Sources */,
				8444A7092A94E86A00F3C1D6 /* SuporteScreen.swift in Sources */,
				8444A6A92A8E7BBC00F3C1D6 /* LoginViewModel.swift in Sources */,
				84E452942B66EA100081E083 /* Logger.swift in Sources */,
				84CCA67C2A9D261E008A4CF2 /* ImageManipulation.swift in Sources */,
				8444A6E02A93E7DE00F3C1D6 /* HomeViewModel.swift in Sources */,
				8444A71B2A9619BE00F3C1D6 /* HomeState.swift in Sources */,
				8444A68B2A8CFA9800F3C1D6 /* AppInfo.swift in Sources */,
			);
			runOnlyForDeploymentPostprocessing = 0;
		};
		84BE9B542A8A9F8A00822D2C /* Sources */ = {
			isa = PBXSourcesBuildPhase;
			buildActionMask = 2147483647;
			files = (
				8444A6CD2A91130300F3C1D6 /* DictionaryExtension.swift in Sources */,
				84BB23C02AA1FC06007EDEF2 /* DateExtension.swift in Sources */,
				8444A74B2A992B9900F3C1D6 /* RunShellScript.swift in Sources */,
				84BB23C42AA22807007EDEF2 /* TaskExtension.swift in Sources */,
				8444A7372A97DCC500F3C1D6 /* MenuBarButtonService.swift in Sources */,
				8444A7482A98E1CB00F3C1D6 /* TakeScreenshot.swift in Sources */,
				84CCA6912A9F7FE3008A4CF2 /* SyncLocationDataService.swift in Sources */,
				84CCA6872A9F5444008A4CF2 /* Utils.swift in Sources */,
				84BB23CD2AA2297B007EDEF2 /* GetDeviceDataService.swift in Sources */,
				8444A7772A9BD82900F3C1D6 /* NotificationUtils.swift in Sources */,
				84BB23CC2AA22979007EDEF2 /* DeviceDTO.swift in Sources */,
				8444A74A2A992B9600F3C1D6 /* NetworkingManager.swift in Sources */,
				8444A6D32A913AFD00F3C1D6 /* Constants.swift in Sources */,
				8444A6C42A90007200F3C1D6 /* AppInfoManager.swift in Sources */,
				8444A7502A992E4400F3C1D6 /* DataExtension.swift in Sources */,
				8444A6D02A9113D500F3C1D6 /* StringExtension.swift in Sources */,
				8444A7292A97D94300F3C1D6 /* ConstantsExtended.swift in Sources */,
				8444A6C72A90025300F3C1D6 /* FilesManager.swift in Sources */,
				8444A7572A9A29BB00F3C1D6 /* SendScreenshotDataService.swift in Sources */,
				8444A6C92A910A4B00F3C1D6 /* iWebITError.swift in Sources */,
				84CCA68E2A9F5A32008A4CF2 /* Resource.swift in Sources */,
				8444A7592A9A54A500F3C1D6 /* ServiceStatus.swift in Sources */,
				8444A6812A8AA26400F3C1D6 /* MenuBarButton.swift in Sources */,
				8444A74D2A992D0D00F3C1D6 /* MultipartRequest.swift in Sources */,
				84BE9B692A8A9FBF00822D2C /* AppDelegate.swift in Sources */,
				8444A7752A9BAD2100F3C1D6 /* ImageManipulation.swift in Sources */,
				8444A7492A992B9300F3C1D6 /* Logger.swift in Sources */,
				8444A6C82A90026700F3C1D6 /* AppInfo.swift in Sources */,
				84BE9B5B2A8A9F8A00822D2C /* iWebITSysTrayApp.swift in Sources */,
			);
			runOnlyForDeploymentPostprocessing = 0;
		};
/* End PBXSourcesBuildPhase section */

/* Begin XCBuildConfiguration section */
		8444A7632A9A603200F3C1D6 /* Debug */ = {
			isa = XCBuildConfiguration;
			buildSettings = {
				CLANG_ENABLE_MODULES = YES;
				CODE_SIGN_ENTITLEMENTS = iWebITService/iWebITService.entitlements;
				CODE_SIGN_STYLE = Automatic;
				DEVELOPMENT_TEAM = R8VHDNRMJJ;
				ENABLE_HARDENED_RUNTIME = YES;
				LD_RUNPATH_SEARCH_PATHS = (
					"$(inherited)",
					"@executable_path/../Frameworks",
					"@loader_path/../Frameworks",
				);
				CREATE_INFOPLIST_SECTION_IN_BINARY = YES;
				CURRENT_PROJECT_VERSION = 210;
				GENERATE_INFOPLIST_FILE = YES;
				MARKETING_VERSION = 2.0.0;
				PRODUCT_BUNDLE_IDENTIFIER = com.rdfonseca.iWebITService;
				PRODUCT_NAME = "$(TARGET_NAME)";
				SWIFT_INSTALL_MODULE = NO;
				SWIFT_INSTALL_OBJC_HEADER = NO;
				SWIFT_OBJC_INTERFACE_HEADER_NAME = "";
				SWIFT_OPTIMIZATION_LEVEL = "-Onone";
				SWIFT_PRECOMPILE_BRIDGING_HEADER = NO;
				SWIFT_VERSION = 5.0;
			};
			name = Debug;
		};
		8444A7642A9A603200F3C1D6 /* Release */ = {
			isa = XCBuildConfiguration;
			buildSettings = {
				CLANG_ENABLE_MODULES = YES;
				CODE_SIGN_ENTITLEMENTS = iWebITService/iWebITService.entitlements;
				CODE_SIGN_STYLE = Automatic;
				DEVELOPMENT_TEAM = R8VHDNRMJJ;
				ENABLE_HARDENED_RUNTIME = YES;
				LD_RUNPATH_SEARCH_PATHS = (
					"$(inherited)",
					"@executable_path/../Frameworks",
					"@loader_path/../Frameworks",
				);
				CREATE_INFOPLIST_SECTION_IN_BINARY = YES;
				CURRENT_PROJECT_VERSION = 210;
				GENERATE_INFOPLIST_FILE = YES;
				MARKETING_VERSION = 2.0.0;
				PRODUCT_BUNDLE_IDENTIFIER = com.rdfonseca.iWebITService;
				PRODUCT_NAME = "$(TARGET_NAME)";
				SWIFT_INSTALL_MODULE = NO;
				SWIFT_INSTALL_OBJC_HEADER = NO;
				SWIFT_OBJC_INTERFACE_HEADER_NAME = "";
				SWIFT_PRECOMPILE_BRIDGING_HEADER = NO;
				SWIFT_VERSION = 5.0;
			};
			name = Release;
		};
		84AE46382A84FA3700783806 /* Debug */ = {
			isa = XCBuildConfiguration;
			buildSettings = {
				ALWAYS_SEARCH_USER_PATHS = NO;
				CLANG_ANALYZER_NONNULL = YES;
				CLANG_ANALYZER_NUMBER_OBJECT_CONVERSION = YES_AGGRESSIVE;
				CLANG_CXX_LANGUAGE_STANDARD = "gnu++20";
				CLANG_ENABLE_MODULES = YES;
				CLANG_ENABLE_OBJC_ARC = YES;
				CLANG_ENABLE_OBJC_WEAK = YES;
				CLANG_WARN_BLOCK_CAPTURE_AUTORELEASING = YES;
				CLANG_WARN_BOOL_CONVERSION = YES;
				CLANG_WARN_COMMA = YES;
				CLANG_WARN_CONSTANT_CONVERSION = YES;
				CLANG_WARN_DEPRECATED_OBJC_IMPLEMENTATIONS = YES;
				CLANG_WARN_DIRECT_OBJC_ISA_USAGE = YES_ERROR;
				CLANG_WARN_DOCUMENTATION_COMMENTS = YES;
				CLANG_WARN_EMPTY_BODY = YES;
				CLANG_WARN_ENUM_CONVERSION = YES;
				CLANG_WARN_INFINITE_RECURSION = YES;
				CLANG_WARN_INT_CONVERSION = YES;
				CLANG_WARN_NON_LITERAL_NULL_CONVERSION = YES;
				CLANG_WARN_OBJC_IMPLICIT_RETAIN_SELF = YES;
				CLANG_WARN_OBJC_LITERAL_CONVERSION = YES;
				CLANG_WARN_OBJC_ROOT_CLASS = YES_ERROR;
				CLANG_WARN_QUOTED_INCLUDE_IN_FRAMEWORK_HEADER = YES;
				CLANG_WARN_RANGE_LOOP_ANALYSIS = YES;
				CLANG_WARN_STRICT_PROTOTYPES = YES;
				CLANG_WARN_SUSPICIOUS_MOVE = YES;
				CLANG_WARN_UNGUARDED_AVAILABILITY = YES_AGGRESSIVE;
				CLANG_WARN_UNREACHABLE_CODE = YES;
				CLANG_WARN__DUPLICATE_METHOD_MATCH = YES;
				COPY_PHASE_STRIP = NO;
				DEBUG_INFORMATION_FORMAT = dwarf;
				ENABLE_STRICT_OBJC_MSGSEND = YES;
				ENABLE_TESTABILITY = YES;
				GCC_C_LANGUAGE_STANDARD = gnu11;
				GCC_DYNAMIC_NO_PIC = NO;
				GCC_NO_COMMON_BLOCKS = YES;
				GCC_OPTIMIZATION_LEVEL = 0;
				GCC_PREPROCESSOR_DEFINITIONS = (
					"DEBUG=1",
					"$(inherited)",
				);
				GCC_WARN_64_TO_32_BIT_CONVERSION = YES;
				GCC_WARN_ABOUT_RETURN_TYPE = YES_ERROR;
				GCC_WARN_UNDECLARED_SELECTOR = YES;
				GCC_WARN_UNINITIALIZED_AUTOS = YES_AGGRESSIVE;
				GCC_WARN_UNUSED_FUNCTION = YES;
				GCC_WARN_UNUSED_VARIABLE = YES;
				MACOSX_DEPLOYMENT_TARGET = 12.6;
				MTL_ENABLE_DEBUG_INFO = INCLUDE_SOURCE;
				MTL_FAST_MATH = YES;
				ONLY_ACTIVE_ARCH = YES;
				SDKROOT = macosx;
				SWIFT_ACTIVE_COMPILATION_CONDITIONS = DEBUG;
				SWIFT_OPTIMIZATION_LEVEL = "-Onone";
			};
			name = Debug;
		};
		84AE46392A84FA3700783806 /* Release */ = {
			isa = XCBuildConfiguration;
			buildSettings = {
				ALWAYS_SEARCH_USER_PATHS = NO;
				CLANG_ANALYZER_NONNULL = YES;
				CLANG_ANALYZER_NUMBER_OBJECT_CONVERSION = YES_AGGRESSIVE;
				CLANG_CXX_LANGUAGE_STANDARD = "gnu++20";
				CLANG_ENABLE_MODULES = YES;
				CLANG_ENABLE_OBJC_ARC = YES;
				CLANG_ENABLE_OBJC_WEAK = YES;
				CLANG_WARN_BLOCK_CAPTURE_AUTORELEASING = YES;
				CLANG_WARN_BOOL_CONVERSION = YES;
				CLANG_WARN_COMMA = YES;
				CLANG_WARN_CONSTANT_CONVERSION = YES;
				CLANG_WARN_DEPRECATED_OBJC_IMPLEMENTATIONS = YES;
				CLANG_WARN_DIRECT_OBJC_ISA_USAGE = YES_ERROR;
				CLANG_WARN_DOCUMENTATION_COMMENTS = YES;
				CLANG_WARN_EMPTY_BODY = YES;
				CLANG_WARN_ENUM_CONVERSION = YES;
				CLANG_WARN_INFINITE_RECURSION = YES;
				CLANG_WARN_INT_CONVERSION = YES;
				CLANG_WARN_NON_LITERAL_NULL_CONVERSION = YES;
				CLANG_WARN_OBJC_IMPLICIT_RETAIN_SELF = YES;
				CLANG_WARN_OBJC_LITERAL_CONVERSION = YES;
				CLANG_WARN_OBJC_ROOT_CLASS = YES_ERROR;
				CLANG_WARN_QUOTED_INCLUDE_IN_FRAMEWORK_HEADER = YES;
				CLANG_WARN_RANGE_LOOP_ANALYSIS = YES;
				CLANG_WARN_STRICT_PROTOTYPES = YES;
				CLANG_WARN_SUSPICIOUS_MOVE = YES;
				CLANG_WARN_UNGUARDED_AVAILABILITY = YES_AGGRESSIVE;
				CLANG_WARN_UNREACHABLE_CODE = YES;
				CLANG_WARN__DUPLICATE_METHOD_MATCH = YES;
				COPY_PHASE_STRIP = NO;
				DEBUG_INFORMATION_FORMAT = "dwarf-with-dsym";
				ENABLE_NS_ASSERTIONS = NO;
				ENABLE_STRICT_OBJC_MSGSEND = YES;
				GCC_C_LANGUAGE_STANDARD = gnu11;
				GCC_NO_COMMON_BLOCKS = YES;
				GCC_WARN_64_TO_32_BIT_CONVERSION = YES;
				GCC_WARN_ABOUT_RETURN_TYPE = YES_ERROR;
				GCC_WARN_UNDECLARED_SELECTOR = YES;
				GCC_WARN_UNINITIALIZED_AUTOS = YES_AGGRESSIVE;
				GCC_WARN_UNUSED_FUNCTION = YES;
				GCC_WARN_UNUSED_VARIABLE = YES;
				MACOSX_DEPLOYMENT_TARGET = 12.6;
				MTL_ENABLE_DEBUG_INFO = NO;
				MTL_FAST_MATH = YES;
				SDKROOT = macosx;
				SWIFT_COMPILATION_MODE = wholemodule;
				SWIFT_OPTIMIZATION_LEVEL = "-O";
			};
			name = Release;
		};
		84AE463B2A84FA3700783806 /* Debug */ = {
			isa = XCBuildConfiguration;
			buildSettings = {
				ASSETCATALOG_COMPILER_APPICON_NAME = AppIcon;
				ASSETCATALOG_COMPILER_GLOBAL_ACCENT_COLOR_NAME = AccentColor;
				ASSETCATALOG_COMPILER_INCLUDE_ALL_APPICON_ASSETS = YES;
				CODE_SIGN_ENTITLEMENTS = iWebITAgent/iWebITAgent.entitlements;
				CODE_SIGN_STYLE = Automatic;
				COMBINE_HIDPI_IMAGES = YES;
				CURRENT_PROJECT_VERSION = 210;
				DEVELOPMENT_TEAM = R8VHDNRMJJ;
				ENABLE_HARDENED_RUNTIME = YES;
				ENABLE_PREVIEWS = YES;
				GENERATE_INFOPLIST_FILE = YES;
				INFOPLIST_FILE = iWebITAgent/Info.plist;
				INFOPLIST_KEY_CFBundleDisplayName = iWebIT;
				INFOPLIST_KEY_LSApplicationCategoryType = "public.app-category.utilities";
				INFOPLIST_KEY_NSHumanReadableCopyright = "";
				LD_RUNPATH_SEARCH_PATHS = (
					"$(inherited)",
					"@executable_path/../Frameworks",
				);
				MACOSX_DEPLOYMENT_TARGET = 11.0;
				MARKETING_VERSION = 2.0.0;
				PRODUCT_BUNDLE_IDENTIFIER = com.rdfonseca.iWebIT;
				PRODUCT_NAME = "$(TARGET_NAME)";
				SWIFT_EMIT_LOC_STRINGS = YES;
				SWIFT_VERSION = 5.0;
			};
			name = Debug;
		};
		84AE463C2A84FA3700783806 /* Release */ = {
			isa = XCBuildConfiguration;
			buildSettings = {
				ASSETCATALOG_COMPILER_APPICON_NAME = AppIcon;
				ASSETCATALOG_COMPILER_GLOBAL_ACCENT_COLOR_NAME = AccentColor;
				ASSETCATALOG_COMPILER_INCLUDE_ALL_APPICON_ASSETS = YES;
				CODE_SIGN_ENTITLEMENTS = iWebITAgent/iWebITAgent.entitlements;
				CODE_SIGN_STYLE = Automatic;
				COMBINE_HIDPI_IMAGES = YES;
				CURRENT_PROJECT_VERSION = 210;
				DEVELOPMENT_TEAM = R8VHDNRMJJ;
				ENABLE_HARDENED_RUNTIME = YES;
				ENABLE_PREVIEWS = YES;
				GENERATE_INFOPLIST_FILE = YES;
				INFOPLIST_FILE = iWebITAgent/Info.plist;
				INFOPLIST_KEY_CFBundleDisplayName = iWebIT;
				INFOPLIST_KEY_LSApplicationCategoryType = "public.app-category.utilities";
				INFOPLIST_KEY_NSHumanReadableCopyright = "";
				LD_RUNPATH_SEARCH_PATHS = (
					"$(inherited)",
					"@executable_path/../Frameworks",
				);
				MACOSX_DEPLOYMENT_TARGET = 11.0;
				MARKETING_VERSION = 2.0.0;
				PRODUCT_BUNDLE_IDENTIFIER = com.rdfonseca.iWebIT;
				PRODUCT_NAME = "$(TARGET_NAME)";
				SWIFT_EMIT_LOC_STRINGS = YES;
				SWIFT_VERSION = 5.0;
			};
			name = Release;
		};
		84BE9B652A8A9F8B00822D2C /* Debug */ = {
			isa = XCBuildConfiguration;
			buildSettings = {
				ASSETCATALOG_COMPILER_APPICON_NAME = AppIcon;
				ASSETCATALOG_COMPILER_GLOBAL_ACCENT_COLOR_NAME = AccentColor;
				ASSETCATALOG_COMPILER_INCLUDE_ALL_APPICON_ASSETS = YES;
				CODE_SIGN_ENTITLEMENTS = iWebITSysTray/iWebITSysTray.entitlements;
				CODE_SIGN_STYLE = Automatic;
				COMBINE_HIDPI_IMAGES = YES;
				CURRENT_PROJECT_VERSION = 210;
				DEVELOPMENT_TEAM = R8VHDNRMJJ;
				ENABLE_HARDENED_RUNTIME = YES;
				ENABLE_PREVIEWS = YES;
				GENERATE_INFOPLIST_FILE = YES;
				INFOPLIST_FILE = iWebITSysTray/Info.plist;
				INFOPLIST_KEY_CFBundleDisplayName = iWebITAgent;
				INFOPLIST_KEY_LSApplicationCategoryType = "public.app-category.utilities";
				INFOPLIST_KEY_LSUIElement = YES;
				INFOPLIST_KEY_NSHumanReadableCopyright = "";
				INFOPLIST_KEY_NSLocationAlwaysAndWhenInUseUsageDescription = "";
				INFOPLIST_KEY_NSLocationAlwaysUsageDescription = "";
				INFOPLIST_KEY_NSLocationWhenInUseUsageDescription = "";
				LD_RUNPATH_SEARCH_PATHS = (
					"$(inherited)",
					"@executable_path/../Frameworks",
				);
				MACOSX_DEPLOYMENT_TARGET = 11.0;
				MARKETING_VERSION = 2.0.0;
				PRODUCT_BUNDLE_IDENTIFIER = com.rdfonseca.iWebITSysTray;
				PRODUCT_NAME = "$(TARGET_NAME)";
				SWIFT_EMIT_LOC_STRINGS = YES;
				SWIFT_VERSION = 5.0;
			};
			name = Debug;
		};
		84BE9B662A8A9F8B00822D2C /* Release */ = {
			isa = XCBuildConfiguration;
			buildSettings = {
				ASSETCATALOG_COMPILER_APPICON_NAME = AppIcon;
				ASSETCATALOG_COMPILER_GLOBAL_ACCENT_COLOR_NAME = AccentColor;
				ASSETCATALOG_COMPILER_INCLUDE_ALL_APPICON_ASSETS = YES;
				CODE_SIGN_ENTITLEMENTS = iWebITSysTray/iWebITSysTray.entitlements;
				CODE_SIGN_STYLE = Automatic;
				COMBINE_HIDPI_IMAGES = YES;
				CURRENT_PROJECT_VERSION = 210;
				DEVELOPMENT_TEAM = R8VHDNRMJJ;
				ENABLE_HARDENED_RUNTIME = YES;
				ENABLE_PREVIEWS = YES;
				GENERATE_INFOPLIST_FILE = YES;
				INFOPLIST_FILE = iWebITSysTray/Info.plist;
				INFOPLIST_KEY_CFBundleDisplayName = iWebITAgent;
				INFOPLIST_KEY_LSApplicationCategoryType = "public.app-category.utilities";
				INFOPLIST_KEY_LSUIElement = YES;
				INFOPLIST_KEY_NSHumanReadableCopyright = "";
				INFOPLIST_KEY_NSLocationAlwaysAndWhenInUseUsageDescription = "";
				INFOPLIST_KEY_NSLocationAlwaysUsageDescription = "";
				INFOPLIST_KEY_NSLocationWhenInUseUsageDescription = "";
				LD_RUNPATH_SEARCH_PATHS = (
					"$(inherited)",
					"@executable_path/../Frameworks",
				);
				MACOSX_DEPLOYMENT_TARGET = 11.0;
				MARKETING_VERSION = 2.0.0;
				PRODUCT_BUNDLE_IDENTIFIER = com.rdfonseca.iWebITSysTray;
				PRODUCT_NAME = "$(TARGET_NAME)";
				SWIFT_EMIT_LOC_STRINGS = YES;
				SWIFT_VERSION = 5.0;
			};
			name = Release;
		};
/* End XCBuildConfiguration section */

/* Begin XCConfigurationList section */
		8444A7622A9A603200F3C1D6 /* Build configuration list for PBXNativeTarget "iWebITService" */ = {
			isa = XCConfigurationList;
			buildConfigurations = (
				8444A7632A9A603200F3C1D6 /* Debug */,
				8444A7642A9A603200F3C1D6 /* Release */,
			);
			defaultConfigurationIsVisible = 0;
			defaultConfigurationName = Release;
		};
		84AE46262A84FA3600783806 /* Build configuration list for PBXProject "iWebITAgent-macOS" */ = {
			isa = XCConfigurationList;
			buildConfigurations = (
				84AE46382A84FA3700783806 /* Debug */,
				84AE46392A84FA3700783806 /* Release */,
			);
			defaultConfigurationIsVisible = 0;
			defaultConfigurationName = Release;
		};
		84AE463A2A84FA3700783806 /* Build configuration list for PBXNativeTarget "iWebIT" */ = {
			isa = XCConfigurationList;
			buildConfigurations = (
				84AE463B2A84FA3700783806 /* Debug */,
				84AE463C2A84FA3700783806 /* Release */,
			);
			defaultConfigurationIsVisible = 0;
			defaultConfigurationName = Release;
		};
		84BE9B642A8A9F8B00822D2C /* Build configuration list for PBXNativeTarget "iWebITAgent" */ = {
			isa = XCConfigurationList;
			buildConfigurations = (
				84BE9B652A8A9F8B00822D2C /* Debug */,
				84BE9B662A8A9F8B00822D2C /* Release */,
			);
			defaultConfigurationIsVisible = 0;
			defaultConfigurationName = Release;
		};
/* End XCConfigurationList section */

	};
	rootObject = 84AE46232A84FA3600783806 /* Project object */;
}
